// !$*UTF8*$!
{
	archiveVersion = 1;
	classes = {
	};
	objectVersion = 56;
	objects = {

/* Begin PBXBuildFile section */
		80C5D5672A62D11200BF9AFB /* AppDelegate.swift in Sources */ = {isa = PBXBuildFile; fileRef = 80C5D5662A62D11200BF9AFB /* AppDelegate.swift */; };
		80C5D5692A62D11200BF9AFB /* SceneDelegate.swift in Sources */ = {isa = PBXBuildFile; fileRef = 80C5D5682A62D11200BF9AFB /* SceneDelegate.swift */; };
		80C5D56B2A62D11200BF9AFB /* ViewController.swift in Sources */ = {isa = PBXBuildFile; fileRef = 80C5D56A2A62D11200BF9AFB /* ViewController.swift */; };
		80C5D56E2A62D11200BF9AFB /* Main.storyboard in Resources */ = {isa = PBXBuildFile; fileRef = 80C5D56C2A62D11200BF9AFB /* Main.storyboard */; };
		80C5D5702A62D11300BF9AFB /* Assets.xcassets in Resources */ = {isa = PBXBuildFile; fileRef = 80C5D56F2A62D11300BF9AFB /* Assets.xcassets */; };
		80C5D5732A62D11300BF9AFB /* LaunchScreen.storyboard in Resources */ = {isa = PBXBuildFile; fileRef = 80C5D5712A62D11300BF9AFB /* LaunchScreen.storyboard */; };
		80C5D57E2A62D11300BF9AFB /* Activity_IndicatorsTests.swift in Sources */ = {isa = PBXBuildFile; fileRef = 80C5D57D2A62D11300BF9AFB /* Activity_IndicatorsTests.swift */; };
		80C5D5882A62D11300BF9AFB /* Activity_IndicatorsUITests.swift in Sources */ = {isa = PBXBuildFile; fileRef = 80C5D5872A62D11300BF9AFB /* Activity_IndicatorsUITests.swift */; };
		80C5D58A2A62D11300BF9AFB /* Activity_IndicatorsUITestsLaunchTests.swift in Sources */ = {isa = PBXBuildFile; fileRef = 80C5D5892A62D11300BF9AFB /* Activity_IndicatorsUITestsLaunchTests.swift */; };
/* End PBXBuildFile section */

/* Begin PBXContainerItemProxy section */
		80C5D57A2A62D11300BF9AFB /* PBXContainerItemProxy */ = {
			isa = PBXContainerItemProxy;
			containerPortal = 80C5D55B2A62D11200BF9AFB /* Project object */;
			proxyType = 1;
			remoteGlobalIDString = 80C5D5622A62D11200BF9AFB;
			remoteInfo = "Activity Indicators";
		};
		80C5D5842A62D11300BF9AFB /* PBXContainerItemProxy */ = {
			isa = PBXContainerItemProxy;
			containerPortal = 80C5D55B2A62D11200BF9AFB /* Project object */;
			proxyType = 1;
			remoteGlobalIDString = 80C5D5622A62D11200BF9AFB;
			remoteInfo = "Activity Indicators";
		};
/* End PBXContainerItemProxy section */

/* Begin PBXFileReference section */
		80C5D5632A62D11200BF9AFB /* Activity Indicators.app */ = {isa = PBXFileReference; explicitFileType = wrapper.application; includeInIndex = 0; path = "Activity Indicators.app"; sourceTree = BUILT_PRODUCTS_DIR; };
		80C5D5662A62D11200BF9AFB /* AppDelegate.swift */ = {isa = PBXFileReference; lastKnownFileType = sourcecode.swift; path = AppDelegate.swift; sourceTree = "<group>"; };
		80C5D5682A62D11200BF9AFB /* SceneDelegate.swift */ = {isa = PBXFileReference; lastKnownFileType = sourcecode.swift; path = SceneDelegate.swift; sourceTree = "<group>"; };
		80C5D56A2A62D11200BF9AFB /* ViewController.swift */ = {isa = PBXFileReference; lastKnownFileType = sourcecode.swift; path = ViewController.swift; sourceTree = "<group>"; };
		80C5D56D2A62D11200BF9AFB /* Base */ = {isa = PBXFileReference; lastKnownFileType = file.storyboard; name = Base; path = Base.lproj/Main.storyboard; sourceTree = "<group>"; };
		80C5D56F2A62D11300BF9AFB /* Assets.xcassets */ = {isa = PBXFileReference; lastKnownFileType = folder.assetcatalog; path = Assets.xcassets; sourceTree = "<group>"; };
		80C5D5722A62D11300BF9AFB /* Base */ = {isa = PBXFileReference; lastKnownFileType = file.storyboard; name = Base; path = Base.lproj/LaunchScreen.storyboard; sourceTree = "<group>"; };
		80C5D5742A62D11300BF9AFB /* Info.plist */ = {isa = PBXFileReference; lastKnownFileType = text.plist.xml; path = Info.plist; sourceTree = "<group>"; };
		80C5D5792A62D11300BF9AFB /* Activity IndicatorsTests.xctest */ = {isa = PBXFileReference; explicitFileType = wrapper.cfbundle; includeInIndex = 0; path = "Activity IndicatorsTests.xctest"; sourceTree = BUILT_PRODUCTS_DIR; };
		80C5D57D2A62D11300BF9AFB /* Activity_IndicatorsTests.swift */ = {isa = PBXFileReference; lastKnownFileType = sourcecode.swift; path = Activity_IndicatorsTests.swift; sourceTree = "<group>"; };
		80C5D5832A62D11300BF9AFB /* Activity IndicatorsUITests.xctest */ = {isa = PBXFileReference; explicitFileType = wrapper.cfbundle; includeInIndex = 0; path = "Activity IndicatorsUITests.xctest"; sourceTree = BUILT_PRODUCTS_DIR; };
		80C5D5872A62D11300BF9AFB /* Activity_IndicatorsUITests.swift */ = {isa = PBXFileReference; lastKnownFileType = sourcecode.swift; path = Activity_IndicatorsUITests.swift; sourceTree = "<group>"; };
		80C5D5892A62D11300BF9AFB /* Activity_IndicatorsUITestsLaunchTests.swift */ = {isa = PBXFileReference; lastKnownFileType = sourcecode.swift; path = Activity_IndicatorsUITestsLaunchTests.swift; sourceTree = "<group>"; };
/* End PBXFileReference section */

/* Begin PBXFrameworksBuildPhase section */
		80C5D5602A62D11200BF9AFB /* Frameworks */ = {
			isa = PBXFrameworksBuildPhase;
			buildActionMask = 2147483647;
			files = (
			);
			runOnlyForDeploymentPostprocessing = 0;
		};
		80C5D5762A62D11300BF9AFB /* Frameworks */ = {
			isa = PBXFrameworksBuildPhase;
			buildActionMask = 2147483647;
			files = (
			);
			runOnlyForDeploymentPostprocessing = 0;
		};
		80C5D5802A62D11300BF9AFB /* Frameworks */ = {
			isa = PBXFrameworksBuildPhase;
			buildActionMask = 2147483647;
			files = (
			);
			runOnlyForDeploymentPostprocessing = 0;
		};
/* End PBXFrameworksBuildPhase section */

/* Begin PBXGroup section */
		80C5D55A2A62D11200BF9AFB = {
			isa = PBXGroup;
			children = (
				80C5D5652A62D11200BF9AFB /* Activity Indicators */,
				80C5D57C2A62D11300BF9AFB /* Activity IndicatorsTests */,
				80C5D5862A62D11300BF9AFB /* Activity IndicatorsUITests */,
				80C5D5642A62D11200BF9AFB /* Products */,
			);
			sourceTree = "<group>";
		};
		80C5D5642A62D11200BF9AFB /* Products */ = {
			isa = PBXGroup;
			children = (
				80C5D5632A62D11200BF9AFB /* Activity Indicators.app */,
				80C5D5792A62D11300BF9AFB /* Activity IndicatorsTests.xctest */,
				80C5D5832A62D11300BF9AFB /* Activity IndicatorsUITests.xctest */,
			);
			name = Products;
			sourceTree = "<group>";
		};
		80C5D5652A62D11200BF9AFB /* Activity Indicators */ = {
			isa = PBXGroup;
			children = (
				80C5D5662A62D11200BF9AFB /* AppDelegate.swift */,
				80C5D5682A62D11200BF9AFB /* SceneDelegate.swift */,
				80C5D56A2A62D11200BF9AFB /* ViewController.swift */,
				80C5D56C2A62D11200BF9AFB /* Main.storyboard */,
				80C5D56F2A62D11300BF9AFB /* Assets.xcassets */,
				80C5D5712A62D11300BF9AFB /* LaunchScreen.storyboard */,
				80C5D5742A62D11300BF9AFB /* Info.plist */,
			);
			path = "Activity Indicators";
			sourceTree = "<group>";
		};
		80C5D57C2A62D11300BF9AFB /* Activity IndicatorsTests */ = {
			isa = PBXGroup;
			children = (
				80C5D57D2A62D11300BF9AFB /* Activity_IndicatorsTests.swift */,
			);
			path = "Activity IndicatorsTests";
			sourceTree = "<group>";
		};
		80C5D5862A62D11300BF9AFB /* Activity IndicatorsUITests */ = {
			isa = PBXGroup;
			children = (
				80C5D5872A62D11300BF9AFB /* Activity_IndicatorsUITests.swift */,
				80C5D5892A62D11300BF9AFB /* Activity_IndicatorsUITestsLaunchTests.swift */,
			);
			path = "Activity IndicatorsUITests";
			sourceTree = "<group>";
		};
/* End PBXGroup section */

/* Begin PBXNativeTarget section */
		80C5D5622A62D11200BF9AFB /* Activity Indicators */ = {
			isa = PBXNativeTarget;
			buildConfigurationList = 80C5D58D2A62D11300BF9AFB /* Build configuration list for PBXNativeTarget "Activity Indicators" */;
			buildPhases = (
				80C5D55F2A62D11200BF9AFB /* Sources */,
				80C5D5602A62D11200BF9AFB /* Frameworks */,
				80C5D5612A62D11200BF9AFB /* Resources */,
			);
			buildRules = (
			);
			dependencies = (
			);
			name = "Activity Indicators";
			productName = "Activity Indicators";
			productReference = 80C5D5632A62D11200BF9AFB /* Activity Indicators.app */;
			productType = "com.apple.product-type.application";
		};
		80C5D5782A62D11300BF9AFB /* Activity IndicatorsTests */ = {
			isa = PBXNativeTarget;
			buildConfigurationList = 80C5D5902A62D11300BF9AFB /* Build configuration list for PBXNativeTarget "Activity IndicatorsTests" */;
			buildPhases = (
				80C5D5752A62D11300BF9AFB /* Sources */,
				80C5D5762A62D11300BF9AFB /* Frameworks */,
				80C5D5772A62D11300BF9AFB /* Resources */,
			);
			buildRules = (
			);
			dependencies = (
				80C5D57B2A62D11300BF9AFB /* PBXTargetDependency */,
			);
			name = "Activity IndicatorsTests";
			productName = "Activity IndicatorsTests";
			productReference = 80C5D5792A62D11300BF9AFB /* Activity IndicatorsTests.xctest */;
			productType = "com.apple.product-type.bundle.unit-test";
		};
		80C5D5822A62D11300BF9AFB /* Activity IndicatorsUITests */ = {
			isa = PBXNativeTarget;
			buildConfigurationList = 80C5D5932A62D11300BF9AFB /* Build configuration list for PBXNativeTarget "Activity IndicatorsUITests" */;
			buildPhases = (
				80C5D57F2A62D11300BF9AFB /* Sources */,
				80C5D5802A62D11300BF9AFB /* Frameworks */,
				80C5D5812A62D11300BF9AFB /* Resources */,
			);
			buildRules = (
			);
			dependencies = (
				80C5D5852A62D11300BF9AFB /* PBXTargetDependency */,
			);
			name = "Activity IndicatorsUITests";
			productName = "Activity IndicatorsUITests";
			productReference = 80C5D5832A62D11300BF9AFB /* Activity IndicatorsUITests.xctest */;
			productType = "com.apple.product-type.bundle.ui-testing";
		};
/* End PBXNativeTarget section */

/* Begin PBXProject section */
		80C5D55B2A62D11200BF9AFB /* Project object */ = {
			isa = PBXProject;
			attributes = {
				BuildIndependentTargetsInParallel = 1;
				LastSwiftUpdateCheck = 1430;
				LastUpgradeCheck = 1430;
				TargetAttributes = {
					80C5D5622A62D11200BF9AFB = {
						CreatedOnToolsVersion = 14.3.1;
					};
					80C5D5782A62D11300BF9AFB = {
						CreatedOnToolsVersion = 14.3.1;
						TestTargetID = 80C5D5622A62D11200BF9AFB;
					};
					80C5D5822A62D11300BF9AFB = {
						CreatedOnToolsVersion = 14.3.1;
						TestTargetID = 80C5D5622A62D11200BF9AFB;
					};
				};
			};
			buildConfigurationList = 80C5D55E2A62D11200BF9AFB /* Build configuration list for PBXProject "Activity Indicators" */;
			compatibilityVersion = "Xcode 14.0";
			developmentRegion = en;
			hasScannedForEncodings = 0;
			knownRegions = (
				en,
				Base,
			);
			mainGroup = 80C5D55A2A62D11200BF9AFB;
			productRefGroup = 80C5D5642A62D11200BF9AFB /* Products */;
			projectDirPath = "";
			projectRoot = "";
			targets = (
				80C5D5622A62D11200BF9AFB /* Activity Indicators */,
				80C5D5782A62D11300BF9AFB /* Activity IndicatorsTests */,
				80C5D5822A62D11300BF9AFB /* Activity IndicatorsUITests */,
			);
		};
/* End PBXProject section */

/* Begin PBXResourcesBuildPhase section */
		80C5D5612A62D11200BF9AFB /* Resources */ = {
			isa = PBXResourcesBuildPhase;
			buildActionMask = 2147483647;
			files = (
				80C5D5732A62D11300BF9AFB /* LaunchScreen.storyboard in Resources */,
				80C5D5702A62D11300BF9AFB /* Assets.xcassets in Resources */,
				80C5D56E2A62D11200BF9AFB /* Main.storyboard in Resources */,
			);
			runOnlyForDeploymentPostprocessing = 0;
		};
		80C5D5772A62D11300BF9AFB /* Resources */ = {
			isa = PBXResourcesBuildPhase;
			buildActionMask = 2147483647;
			files = (
			);
			runOnlyForDeploymentPostprocessing = 0;
		};
		80C5D5812A62D11300BF9AFB /* Resources */ = {
			isa = PBXResourcesBuildPhase;
			buildActionMask = 2147483647;
			files = (
			);
			runOnlyForDeploymentPostprocessing = 0;
		};
/* End PBXResourcesBuildPhase section */

/* Begin PBXSourcesBuildPhase section */
		80C5D55F2A62D11200BF9AFB /* Sources */ = {
			isa = PBXSourcesBuildPhase;
			buildActionMask = 2147483647;
			files = (
				80C5D56B2A62D11200BF9AFB /* ViewController.swift in Sources */,
				80C5D5672A62D11200BF9AFB /* AppDelegate.swift in Sources */,
				80C5D5692A62D11200BF9AFB /* SceneDelegate.swift in Sources */,
			);
			runOnlyForDeploymentPostprocessing = 0;
		};
		80C5D5752A62D11300BF9AFB /* Sources */ = {
			isa = PBXSourcesBuildPhase;
			buildActionMask = 2147483647;
			files = (
				80C5D57E2A62D11300BF9AFB /* Activity_IndicatorsTests.swift in Sources */,
			);
			runOnlyForDeploymentPostprocessing = 0;
		};
		80C5D57F2A62D11300BF9AFB /* Sources */ = {
			isa = PBXSourcesBuildPhase;
			buildActionMask = 2147483647;
			files = (
				80C5D5882A62D11300BF9AFB /* Activity_IndicatorsUITests.swift in Sources */,
				80C5D58A2A62D11300BF9AFB /* Activity_IndicatorsUITestsLaunchTests.swift in Sources */,
			);
			runOnlyForDeploymentPostprocessing = 0;
		};
/* End PBXSourcesBuildPhase section */

/* Begin PBXTargetDependency section */
		80C5D57B2A62D11300BF9AFB /* PBXTargetDependency */ = {
			isa = PBXTargetDependency;
			target = 80C5D5622A62D11200BF9AFB /* Activity Indicators */;
			targetProxy = 80C5D57A2A62D11300BF9AFB /* PBXContainerItemProxy */;
		};
		80C5D5852A62D11300BF9AFB /* PBXTargetDependency */ = {
			isa = PBXTargetDependency;
			target = 80C5D5622A62D11200BF9AFB /* Activity Indicators */;
			targetProxy = 80C5D5842A62D11300BF9AFB /* PBXContainerItemProxy */;
		};
/* End PBXTargetDependency section */

/* Begin PBXVariantGroup section */
		80C5D56C2A62D11200BF9AFB /* Main.storyboard */ = {
			isa = PBXVariantGroup;
			children = (
				80C5D56D2A62D11200BF9AFB /* Base */,
			);
			name = Main.storyboard;
			sourceTree = "<group>";
		};
		80C5D5712A62D11300BF9AFB /* LaunchScreen.storyboard */ = {
			isa = PBXVariantGroup;
			children = (
				80C5D5722A62D11300BF9AFB /* Base */,
			);
			name = LaunchScreen.storyboard;
			sourceTree = "<group>";
		};
/* End PBXVariantGroup section */

/* Begin XCBuildConfiguration section */
		80C5D58B2A62D11300BF9AFB /* Debug */ = {
			isa = XCBuildConfiguration;
			buildSettings = {
				ALWAYS_SEARCH_USER_PATHS = NO;
				CLANG_ANALYZER_NONNULL = YES;
				CLANG_ANALYZER_NUMBER_OBJECT_CONVERSION = YES_AGGRESSIVE;
				CLANG_CXX_LANGUAGE_STANDARD = "gnu++20";
				CLANG_ENABLE_MODULES = YES;
				CLANG_ENABLE_OBJC_ARC = YES;
				CLANG_ENABLE_OBJC_WEAK = YES;
				CLANG_WARN_BLOCK_CAPTURE_AUTORELEASING = YES;
				CLANG_WARN_BOOL_CONVERSION = YES;
				CLANG_WARN_COMMA = YES;
				CLANG_WARN_CONSTANT_CONVERSION = YES;
				CLANG_WARN_DEPRECATED_OBJC_IMPLEMENTATIONS = YES;
				CLANG_WARN_DIRECT_OBJC_ISA_USAGE = YES_ERROR;
				CLANG_WARN_DOCUMENTATION_COMMENTS = YES;
				CLANG_WARN_EMPTY_BODY = YES;
				CLANG_WARN_ENUM_CONVERSION = YES;
				CLANG_WARN_INFINITE_RECURSION = YES;
				CLANG_WARN_INT_CONVERSION = YES;
				CLANG_WARN_NON_LITERAL_NULL_CONVERSION = YES;
				CLANG_WARN_OBJC_IMPLICIT_RETAIN_SELF = YES;
				CLANG_WARN_OBJC_LITERAL_CONVERSION = YES;
				CLANG_WARN_OBJC_ROOT_CLASS = YES_ERROR;
				CLANG_WARN_QUOTED_INCLUDE_IN_FRAMEWORK_HEADER = YES;
				CLANG_WARN_RANGE_LOOP_ANALYSIS = YES;
				CLANG_WARN_STRICT_PROTOTYPES = YES;
				CLANG_WARN_SUSPICIOUS_MOVE = YES;
				CLANG_WARN_UNGUARDED_AVAILABILITY = YES_AGGRESSIVE;
				CLANG_WARN_UNREACHABLE_CODE = YES;
				CLANG_WARN__DUPLICATE_METHOD_MATCH = YES;
				COPY_PHASE_STRIP = NO;
				DEBUG_INFORMATION_FORMAT = dwarf;
				ENABLE_STRICT_OBJC_MSGSEND = YES;
				ENABLE_TESTABILITY = YES;
				GCC_C_LANGUAGE_STANDARD = gnu11;
				GCC_DYNAMIC_NO_PIC = NO;
				GCC_NO_COMMON_BLOCKS = YES;
				GCC_OPTIMIZATION_LEVEL = 0;
				GCC_PREPROCESSOR_DEFINITIONS = (
					"DEBUG=1",
					"$(inherited)",
				);
				GCC_WARN_64_TO_32_BIT_CONVERSION = YES;
				GCC_WARN_ABOUT_RETURN_TYPE = YES_ERROR;
				GCC_WARN_UNDECLARED_SELECTOR = YES;
				GCC_WARN_UNINITIALIZED_AUTOS = YES_AGGRESSIVE;
				GCC_WARN_UNUSED_FUNCTION = YES;
				GCC_WARN_UNUSED_VARIABLE = YES;
				IPHONEOS_DEPLOYMENT_TARGET = 16.4;
				MTL_ENABLE_DEBUG_INFO = INCLUDE_SOURCE;
				MTL_FAST_MATH = YES;
				ONLY_ACTIVE_ARCH = YES;
				SDKROOT = iphoneos;
				SWIFT_ACTIVE_COMPILATION_CONDITIONS = DEBUG;
				SWIFT_OPTIMIZATION_LEVEL = "-Onone";
			};
			name = Debug;
		};
		80C5D58C2A62D11300BF9AFB /* Release */ = {
			isa = XCBuildConfiguration;
			buildSettings = {
				ALWAYS_SEARCH_USER_PATHS = NO;
				CLANG_ANALYZER_NONNULL = YES;
				CLANG_ANALYZER_NUMBER_OBJECT_CONVERSION = YES_AGGRESSIVE;
				CLANG_CXX_LANGUAGE_STANDARD = "gnu++20";
				CLANG_ENABLE_MODULES = YES;
				CLANG_ENABLE_OBJC_ARC = YES;
				CLANG_ENABLE_OBJC_WEAK = YES;
				CLANG_WARN_BLOCK_CAPTURE_AUTORELEASING = YES;
				CLANG_WARN_BOOL_CONVERSION = YES;
				CLANG_WARN_COMMA = YES;
				CLANG_WARN_CONSTANT_CONVERSION = YES;
				CLANG_WARN_DEPRECATED_OBJC_IMPLEMENTATIONS = YES;
				CLANG_WARN_DIRECT_OBJC_ISA_USAGE = YES_ERROR;
				CLANG_WARN_DOCUMENTATION_COMMENTS = YES;
				CLANG_WARN_EMPTY_BODY = YES;
				CLANG_WARN_ENUM_CONVERSION = YES;
				CLANG_WARN_INFINITE_RECURSION = YES;
				CLANG_WARN_INT_CONVERSION = YES;
				CLANG_WARN_NON_LITERAL_NULL_CONVERSION = YES;
				CLANG_WARN_OBJC_IMPLICIT_RETAIN_SELF = YES;
				CLANG_WARN_OBJC_LITERAL_CONVERSION = YES;
				CLANG_WARN_OBJC_ROOT_CLASS = YES_ERROR;
				CLANG_WARN_QUOTED_INCLUDE_IN_FRAMEWORK_HEADER = YES;
				CLANG_WARN_RANGE_LOOP_ANALYSIS = YES;
				CLANG_WARN_STRICT_PROTOTYPES = YES;
				CLANG_WARN_SUSPICIOUS_MOVE = YES;
				CLANG_WARN_UNGUARDED_AVAILABILITY = YES_AGGRESSIVE;
				CLANG_WARN_UNREACHABLE_CODE = YES;
				CLANG_WARN__DUPLICATE_METHOD_MATCH = YES;
				COPY_PHASE_STRIP = NO;
				DEBUG_INFORMATION_FORMAT = "dwarf-with-dsym";
				ENABLE_NS_ASSERTIONS = NO;
				ENABLE_STRICT_OBJC_MSGSEND = YES;
				GCC_C_LANGUAGE_STANDARD = gnu11;
				GCC_NO_COMMON_BLOCKS = YES;
				GCC_WARN_64_TO_32_BIT_CONVERSION = YES;
				GCC_WARN_ABOUT_RETURN_TYPE = YES_ERROR;
				GCC_WARN_UNDECLARED_SELECTOR = YES;
				GCC_WARN_UNINITIALIZED_AUTOS = YES_AGGRESSIVE;
				GCC_WARN_UNUSED_FUNCTION = YES;
				GCC_WARN_UNUSED_VARIABLE = YES;
				IPHONEOS_DEPLOYMENT_TARGET = 16.4;
				MTL_ENABLE_DEBUG_INFO = NO;
				MTL_FAST_MATH = YES;
				SDKROOT = iphoneos;
				SWIFT_COMPILATION_MODE = wholemodule;
				SWIFT_OPTIMIZATION_LEVEL = "-O";
				VALIDATE_PRODUCT = YES;
			};
			name = Release;
		};
		80C5D58E2A62D11300BF9AFB /* Debug */ = {
			isa = XCBuildConfiguration;
			buildSettings = {
				ASSETCATALOG_COMPILER_APPICON_NAME = AppIcon;
				ASSETCATALOG_COMPILER_GLOBAL_ACCENT_COLOR_NAME = AccentColor;
				CODE_SIGN_STYLE = Automatic;
				CURRENT_PROJECT_VERSION = 1;
				GENERATE_INFOPLIST_FILE = YES;
				INFOPLIST_FILE = "Activity Indicators/Info.plist";
				INFOPLIST_KEY_UIApplicationSupportsIndirectInputEvents = YES;
				INFOPLIST_KEY_UILaunchStoryboardName = LaunchScreen;
				INFOPLIST_KEY_UIMainStoryboardFile = Main;
				INFOPLIST_KEY_UISupportedInterfaceOrientations_iPad = "UIInterfaceOrientationPortrait UIInterfaceOrientationPortraitUpsideDown UIInterfaceOrientationLandscapeLeft UIInterfaceOrientationLandscapeRight";
				INFOPLIST_KEY_UISupportedInterfaceOrientations_iPhone = "UIInterfaceOrientationPortrait UIInterfaceOrientationLandscapeLeft UIInterfaceOrientationLandscapeRight";
				LD_RUNPATH_SEARCH_PATHS = (
					"$(inherited)",
					"@executable_path/Frameworks",
				);
				MARKETING_VERSION = 1.0;
				PRODUCT_BUNDLE_IDENTIFIER = "madSIK.Activity-Indicators";
				PRODUCT_NAME = "$(TARGET_NAME)";
				SWIFT_EMIT_LOC_STRINGS = YES;
				SWIFT_VERSION = 5.0;
				TARGETED_DEVICE_FAMILY = "1,2";
			};
			name = Debug;
		};
		80C5D58F2A62D11300BF9AFB /* Release */ = {
			isa = XCBuildConfiguration;
			buildSettings = {
				ASSETCATALOG_COMPILER_APPICON_NAME = AppIcon;
				ASSETCATALOG_COMPILER_GLOBAL_ACCENT_COLOR_NAME = AccentColor;
				CODE_SIGN_STYLE = Automatic;
				CURRENT_PROJECT_VERSION = 1;
				GENERATE_INFOPLIST_FILE = YES;
				INFOPLIST_FILE = "Activity Indicators/Info.plist";
				INFOPLIST_KEY_UIApplicationSupportsIndirectInputEvents = YES;
				INFOPLIST_KEY_UILaunchStoryboardName = LaunchScreen;
				INFOPLIST_KEY_UIMainStoryboardFile = Main;
				INFOPLIST_KEY_UISupportedInterfaceOrientations_iPad = "UIInterfaceOrientationPortrait UIInterfaceOrientationPortraitUpsideDown UIInterfaceOrientationLandscapeLeft UIInterfaceOrientationLandscapeRight";
				INFOPLIST_KEY_UISupportedInterfaceOrientations_iPhone = "UIInterfaceOrientationPortrait UIInterfaceOrientationLandscapeLeft UIInterfaceOrientationLandscapeRight";
				LD_RUNPATH_SEARCH_PATHS = (
					"$(inherited)",
					"@executable_path/Frameworks",
				);
				MARKETING_VERSION = 1.0;
				PRODUCT_BUNDLE_IDENTIFIER = "madSIK.Activity-Indicators";
				PRODUCT_NAME = "$(TARGET_NAME)";
				SWIFT_EMIT_LOC_STRINGS = YES;
				SWIFT_VERSION = 5.0;
				TARGETED_DEVICE_FAMILY = "1,2";
			};
			name = Release;
		};
		80C5D5912A62D11300BF9AFB /* Debug */ = {
			isa = XCBuildConfiguration;
			buildSettings = {
				ALWAYS_EMBED_SWIFT_STANDARD_LIBRARIES = YES;
				BUNDLE_LOADER = "$(TEST_HOST)";
				CODE_SIGN_STYLE = Automatic;
				CURRENT_PROJECT_VERSION = 1;
				GENERATE_INFOPLIST_FILE = YES;
				IPHONEOS_DEPLOYMENT_TARGET = 16.4;
				MARKETING_VERSION = 1.0;
				PRODUCT_BUNDLE_IDENTIFIER = "madSIK.Activity-IndicatorsTests";
				PRODUCT_NAME = "$(TARGET_NAME)";
				SWIFT_EMIT_LOC_STRINGS = NO;
				SWIFT_VERSION = 5.0;
				TARGETED_DEVICE_FAMILY = "1,2";
				TEST_HOST = "$(BUILT_PRODUCTS_DIR)/Activity Indicators.app/$(BUNDLE_EXECUTABLE_FOLDER_PATH)/Activity Indicators";
			};
			name = Debug;
		};
		80C5D5922A62D11300BF9AFB /* Release */ = {
			isa = XCBuildConfiguration;
			buildSettings = {
				ALWAYS_EMBED_SWIFT_STANDARD_LIBRARIES = YES;
				BUNDLE_LOADER = "$(TEST_HOST)";
				CODE_SIGN_STYLE = Automatic;
				CURRENT_PROJECT_VERSION = 1;
				GENERATE_INFOPLIST_FILE = YES;
				IPHONEOS_DEPLOYMENT_TARGET = 16.4;
				MARKETING_VERSION = 1.0;
				PRODUCT_BUNDLE_IDENTIFIER = "madSIK.Activity-IndicatorsTests";
				PRODUCT_NAME = "$(TARGET_NAME)";
				SWIFT_EMIT_LOC_STRINGS = NO;
				SWIFT_VERSION = 5.0;
				TARGETED_DEVICE_FAMILY = "1,2";
				TEST_HOST = "$(BUILT_PRODUCTS_DIR)/Activity Indicators.app/$(BUNDLE_EXECUTABLE_FOLDER_PATH)/Activity Indicators";
			};
			name = Release;
		};
		80C5D5942A62D11300BF9AFB /* Debug */ = {
			isa = XCBuildConfiguration;
			buildSettings = {
				ALWAYS_EMBED_SWIFT_STANDARD_LIBRARIES = YES;
				CODE_SIGN_STYLE = Automatic;
				CURRENT_PROJECT_VERSION = 1;
				GENERATE_INFOPLIST_FILE = YES;
				MARKETING_VERSION = 1.0;
				PRODUCT_BUNDLE_IDENTIFIER = "madSIK.Activity-IndicatorsUITests";
				PRODUCT_NAME = "$(TARGET_NAME)";
				SWIFT_EMIT_LOC_STRINGS = NO;
				SWIFT_VERSION = 5.0;
				TARGETED_DEVICE_FAMILY = "1,2";
				TEST_TARGET_NAME = "Activity Indicators";
			};
			name = Debug;
		};
		80C5D5952A62D11300BF9AFB /* Release */ = {
			isa = XCBuildConfiguration;
			buildSettings = {
				ALWAYS_EMBED_SWIFT_STANDARD_LIBRARIES = YES;
				CODE_SIGN_STYLE = Automatic;
				CURRENT_PROJECT_VERSION = 1;
				GENERATE_INFOPLIST_FILE = YES;
				MARKETING_VERSION = 1.0;
				PRODUCT_BUNDLE_IDENTIFIER = "madSIK.Activity-IndicatorsUITests";
				PRODUCT_NAME = "$(TARGET_NAME)";
				SWIFT_EMIT_LOC_STRINGS = NO;
				SWIFT_VERSION = 5.0;
				TARGETED_DEVICE_FAMILY = "1,2";
				TEST_TARGET_NAME = "Activity Indicators";
			};
			name = Release;
		};
/* End XCBuildConfiguration section */

/* Begin XCConfigurationList section */
		80C5D55E2A62D11200BF9AFB /* Build configuration list for PBXProject "Activity Indicators" */ = {
			isa = XCConfigurationList;
			buildConfigurations = (
				80C5D58B2A62D11300BF9AFB /* Debug */,
				80C5D58C2A62D11300BF9AFB /* Release */,
			);
			defaultConfigurationIsVisible = 0;
			defaultConfigurationName = Release;
		};
		80C5D58D2A62D11300BF9AFB /* Build configuration list for PBXNativeTarget "Activity Indicators" */ = {
			isa = XCConfigurationList;
			buildConfigurations = (
				80C5D58E2A62D11300BF9AFB /* Debug */,
				80C5D58F2A62D11300BF9AFB /* Release */,
			);
			defaultConfigurationIsVisible = 0;
			defaultConfigurationName = Release;
		};
		80C5D5902A62D11300BF9AFB /* Build configuration list for PBXNativeTarget "Activity IndicatorsTests" */ = {
			isa = XCConfigurationList;
			buildConfigurations = (
				80C5D5912A62D11300BF9AFB /* Debug */,
				80C5D5922A62D11300BF9AFB /* Release */,
			);
			defaultConfigurationIsVisible = 0;
			defaultConfigurationName = Release;
		};
		80C5D5932A62D11300BF9AFB /* Build configuration list for PBXNativeTarget "Activity IndicatorsUITests" */ = {
			isa = XCConfigurationList;
			buildConfigurations = (
				80C5D5942A62D11300BF9AFB /* Debug */,
				80C5D5952A62D11300BF9AFB /* Release */,
			);
			defaultConfigurationIsVisible = 0;
			defaultConfigurationName = Release;
		};
/* End XCConfigurationList section */
	};
	rootObject = 80C5D55B2A62D11200BF9AFB /* Project object */;
}
