// !$*UTF8*$!
{
	archiveVersion = 1;
	classes = {
	};
	objectVersion = 56;
	objects = {

/* Begin PBXBuildFile section */
		8016B1442A61735D00D71E3A /* AppDelegate.swift in Sources */ = {isa = PBXBuildFile; fileRef = 8016B1432A61735D00D71E3A /* AppDelegate.swift */; };
		8016B1462A61735D00D71E3A /* SceneDelegate.swift in Sources */ = {isa = PBXBuildFile; fileRef = 8016B1452A61735D00D71E3A /* SceneDelegate.swift */; };
		8016B1482A61735D00D71E3A /* ViewController.swift in Sources */ = {isa = PBXBuildFile; fileRef = 8016B1472A61735D00D71E3A /* ViewController.swift */; };
		8016B14B2A61735D00D71E3A /* Main.storyboard in Resources */ = {isa = PBXBuildFile; fileRef = 8016B1492A61735D00D71E3A /* Main.storyboard */; };
		8016B14D2A61735E00D71E3A /* Assets.xcassets in Resources */ = {isa = PBXBuildFile; fileRef = 8016B14C2A61735E00D71E3A /* Assets.xcassets */; };
		8016B1502A61735E00D71E3A /* LaunchScreen.storyboard in Resources */ = {isa = PBXBuildFile; fileRef = 8016B14E2A61735E00D71E3A /* LaunchScreen.storyboard */; };
		8016B15B2A61735E00D71E3A /* Tab_Bar_ControllerTests.swift in Sources */ = {isa = PBXBuildFile; fileRef = 8016B15A2A61735E00D71E3A /* Tab_Bar_ControllerTests.swift */; };
		8016B1652A61735E00D71E3A /* Tab_Bar_ControllerUITests.swift in Sources */ = {isa = PBXBuildFile; fileRef = 8016B1642A61735E00D71E3A /* Tab_Bar_ControllerUITests.swift */; };
		8016B1672A61735E00D71E3A /* Tab_Bar_ControllerUITestsLaunchTests.swift in Sources */ = {isa = PBXBuildFile; fileRef = 8016B1662A61735E00D71E3A /* Tab_Bar_ControllerUITestsLaunchTests.swift */; };
/* End PBXBuildFile section */

/* Begin PBXContainerItemProxy section */
		8016B1572A61735E00D71E3A /* PBXContainerItemProxy */ = {
			isa = PBXContainerItemProxy;
			containerPortal = 8016B1382A61735D00D71E3A /* Project object */;
			proxyType = 1;
			remoteGlobalIDString = 8016B13F2A61735D00D71E3A;
			remoteInfo = "Tab Bar Controller";
		};
		8016B1612A61735E00D71E3A /* PBXContainerItemProxy */ = {
			isa = PBXContainerItemProxy;
			containerPortal = 8016B1382A61735D00D71E3A /* Project object */;
			proxyType = 1;
			remoteGlobalIDString = 8016B13F2A61735D00D71E3A;
			remoteInfo = "Tab Bar Controller";
		};
/* End PBXContainerItemProxy section */

/* Begin PBXFileReference section */
		8016B1402A61735D00D71E3A /* Tab Bar Controller.app */ = {isa = PBXFileReference; explicitFileType = wrapper.application; includeInIndex = 0; path = "Tab Bar Controller.app"; sourceTree = BUILT_PRODUCTS_DIR; };
		8016B1432A61735D00D71E3A /* AppDelegate.swift */ = {isa = PBXFileReference; lastKnownFileType = sourcecode.swift; path = AppDelegate.swift; sourceTree = "<group>"; };
		8016B1452A61735D00D71E3A /* SceneDelegate.swift */ = {isa = PBXFileReference; lastKnownFileType = sourcecode.swift; path = SceneDelegate.swift; sourceTree = "<group>"; };
		8016B1472A61735D00D71E3A /* ViewController.swift */ = {isa = PBXFileReference; lastKnownFileType = sourcecode.swift; path = ViewController.swift; sourceTree = "<group>"; };
		8016B14A2A61735D00D71E3A /* Base */ = {isa = PBXFileReference; lastKnownFileType = file.storyboard; name = Base; path = Base.lproj/Main.storyboard; sourceTree = "<group>"; };
		8016B14C2A61735E00D71E3A /* Assets.xcassets */ = {isa = PBXFileReference; lastKnownFileType = folder.assetcatalog; path = Assets.xcassets; sourceTree = "<group>"; };
		8016B14F2A61735E00D71E3A /* Base */ = {isa = PBXFileReference; lastKnownFileType = file.storyboard; name = Base; path = Base.lproj/LaunchScreen.storyboard; sourceTree = "<group>"; };
		8016B1512A61735E00D71E3A /* Info.plist */ = {isa = PBXFileReference; lastKnownFileType = text.plist.xml; path = Info.plist; sourceTree = "<group>"; };
		8016B1562A61735E00D71E3A /* Tab Bar ControllerTests.xctest */ = {isa = PBXFileReference; explicitFileType = wrapper.cfbundle; includeInIndex = 0; path = "Tab Bar ControllerTests.xctest"; sourceTree = BUILT_PRODUCTS_DIR; };
		8016B15A2A61735E00D71E3A /* Tab_Bar_ControllerTests.swift */ = {isa = PBXFileReference; lastKnownFileType = sourcecode.swift; path = Tab_Bar_ControllerTests.swift; sourceTree = "<group>"; };
		8016B1602A61735E00D71E3A /* Tab Bar ControllerUITests.xctest */ = {isa = PBXFileReference; explicitFileType = wrapper.cfbundle; includeInIndex = 0; path = "Tab Bar ControllerUITests.xctest"; sourceTree = BUILT_PRODUCTS_DIR; };
		8016B1642A61735E00D71E3A /* Tab_Bar_ControllerUITests.swift */ = {isa = PBXFileReference; lastKnownFileType = sourcecode.swift; path = Tab_Bar_ControllerUITests.swift; sourceTree = "<group>"; };
		8016B1662A61735E00D71E3A /* Tab_Bar_ControllerUITestsLaunchTests.swift */ = {isa = PBXFileReference; lastKnownFileType = sourcecode.swift; path = Tab_Bar_ControllerUITestsLaunchTests.swift; sourceTree = "<group>"; };
/* End PBXFileReference section */

/* Begin PBXFrameworksBuildPhase section */
		8016B13D2A61735D00D71E3A /* Frameworks */ = {
			isa = PBXFrameworksBuildPhase;
			buildActionMask = 2147483647;
			files = (
			);
			runOnlyForDeploymentPostprocessing = 0;
		};
		8016B1532A61735E00D71E3A /* Frameworks */ = {
			isa = PBXFrameworksBuildPhase;
			buildActionMask = 2147483647;
			files = (
			);
			runOnlyForDeploymentPostprocessing = 0;
		};
		8016B15D2A61735E00D71E3A /* Frameworks */ = {
			isa = PBXFrameworksBuildPhase;
			buildActionMask = 2147483647;
			files = (
			);
			runOnlyForDeploymentPostprocessing = 0;
		};
/* End PBXFrameworksBuildPhase section */

/* Begin PBXGroup section */
		8016B1372A61735D00D71E3A = {
			isa = PBXGroup;
			children = (
				8016B1422A61735D00D71E3A /* Tab Bar Controller */,
				8016B1592A61735E00D71E3A /* Tab Bar ControllerTests */,
				8016B1632A61735E00D71E3A /* Tab Bar ControllerUITests */,
				8016B1412A61735D00D71E3A /* Products */,
			);
			sourceTree = "<group>";
		};
		8016B1412A61735D00D71E3A /* Products */ = {
			isa = PBXGroup;
			children = (
				8016B1402A61735D00D71E3A /* Tab Bar Controller.app */,
				8016B1562A61735E00D71E3A /* Tab Bar ControllerTests.xctest */,
				8016B1602A61735E00D71E3A /* Tab Bar ControllerUITests.xctest */,
			);
			name = Products;
			sourceTree = "<group>";
		};
		8016B1422A61735D00D71E3A /* Tab Bar Controller */ = {
			isa = PBXGroup;
			children = (
				8016B1432A61735D00D71E3A /* AppDelegate.swift */,
				8016B1452A61735D00D71E3A /* SceneDelegate.swift */,
				8016B1472A61735D00D71E3A /* ViewController.swift */,
				8016B1492A61735D00D71E3A /* Main.storyboard */,
				8016B14C2A61735E00D71E3A /* Assets.xcassets */,
				8016B14E2A61735E00D71E3A /* LaunchScreen.storyboard */,
				8016B1512A61735E00D71E3A /* Info.plist */,
			);
			path = "Tab Bar Controller";
			sourceTree = "<group>";
		};
		8016B1592A61735E00D71E3A /* Tab Bar ControllerTests */ = {
			isa = PBXGroup;
			children = (
				8016B15A2A61735E00D71E3A /* Tab_Bar_ControllerTests.swift */,
			);
			path = "Tab Bar ControllerTests";
			sourceTree = "<group>";
		};
		8016B1632A61735E00D71E3A /* Tab Bar ControllerUITests */ = {
			isa = PBXGroup;
			children = (
				8016B1642A61735E00D71E3A /* Tab_Bar_ControllerUITests.swift */,
				8016B1662A61735E00D71E3A /* Tab_Bar_ControllerUITestsLaunchTests.swift */,
			);
			path = "Tab Bar ControllerUITests";
			sourceTree = "<group>";
		};
/* End PBXGroup section */

/* Begin PBXNativeTarget section */
		8016B13F2A61735D00D71E3A /* Tab Bar Controller */ = {
			isa = PBXNativeTarget;
			buildConfigurationList = 8016B16A2A61735E00D71E3A /* Build configuration list for PBXNativeTarget "Tab Bar Controller" */;
			buildPhases = (
				8016B13C2A61735D00D71E3A /* Sources */,
				8016B13D2A61735D00D71E3A /* Frameworks */,
				8016B13E2A61735D00D71E3A /* Resources */,
			);
			buildRules = (
			);
			dependencies = (
			);
			name = "Tab Bar Controller";
			productName = "Tab Bar Controller";
			productReference = 8016B1402A61735D00D71E3A /* Tab Bar Controller.app */;
			productType = "com.apple.product-type.application";
		};
		8016B1552A61735E00D71E3A /* Tab Bar ControllerTests */ = {
			isa = PBXNativeTarget;
			buildConfigurationList = 8016B16D2A61735E00D71E3A /* Build configuration list for PBXNativeTarget "Tab Bar ControllerTests" */;
			buildPhases = (
				8016B1522A61735E00D71E3A /* Sources */,
				8016B1532A61735E00D71E3A /* Frameworks */,
				8016B1542A61735E00D71E3A /* Resources */,
			);
			buildRules = (
			);
			dependencies = (
				8016B1582A61735E00D71E3A /* PBXTargetDependency */,
			);
			name = "Tab Bar ControllerTests";
			productName = "Tab Bar ControllerTests";
			productReference = 8016B1562A61735E00D71E3A /* Tab Bar ControllerTests.xctest */;
			productType = "com.apple.product-type.bundle.unit-test";
		};
		8016B15F2A61735E00D71E3A /* Tab Bar ControllerUITests */ = {
			isa = PBXNativeTarget;
			buildConfigurationList = 8016B1702A61735E00D71E3A /* Build configuration list for PBXNativeTarget "Tab Bar ControllerUITests" */;
			buildPhases = (
				8016B15C2A61735E00D71E3A /* Sources */,
				8016B15D2A61735E00D71E3A /* Frameworks */,
				8016B15E2A61735E00D71E3A /* Resources */,
			);
			buildRules = (
			);
			dependencies = (
				8016B1622A61735E00D71E3A /* PBXTargetDependency */,
			);
			name = "Tab Bar ControllerUITests";
			productName = "Tab Bar ControllerUITests";
			productReference = 8016B1602A61735E00D71E3A /* Tab Bar ControllerUITests.xctest */;
			productType = "com.apple.product-type.bundle.ui-testing";
		};
/* End PBXNativeTarget section */

/* Begin PBXProject section */
		8016B1382A61735D00D71E3A /* Project object */ = {
			isa = PBXProject;
			attributes = {
				BuildIndependentTargetsInParallel = 1;
				LastSwiftUpdateCheck = 1430;
				LastUpgradeCheck = 1430;
				TargetAttributes = {
					8016B13F2A61735D00D71E3A = {
						CreatedOnToolsVersion = 14.3.1;
					};
					8016B1552A61735E00D71E3A = {
						CreatedOnToolsVersion = 14.3.1;
						TestTargetID = 8016B13F2A61735D00D71E3A;
					};
					8016B15F2A61735E00D71E3A = {
						CreatedOnToolsVersion = 14.3.1;
						TestTargetID = 8016B13F2A61735D00D71E3A;
					};
				};
			};
			buildConfigurationList = 8016B13B2A61735D00D71E3A /* Build configuration list for PBXProject "Tab Bar Controller" */;
			compatibilityVersion = "Xcode 14.0";
			developmentRegion = en;
			hasScannedForEncodings = 0;
			knownRegions = (
				en,
				Base,
			);
			mainGroup = 8016B1372A61735D00D71E3A;
			productRefGroup = 8016B1412A61735D00D71E3A /* Products */;
			projectDirPath = "";
			projectRoot = "";
			targets = (
				8016B13F2A61735D00D71E3A /* Tab Bar Controller */,
				8016B1552A61735E00D71E3A /* Tab Bar ControllerTests */,
				8016B15F2A61735E00D71E3A /* Tab Bar ControllerUITests */,
			);
		};
/* End PBXProject section */

/* Begin PBXResourcesBuildPhase section */
		8016B13E2A61735D00D71E3A /* Resources */ = {
			isa = PBXResourcesBuildPhase;
			buildActionMask = 2147483647;
			files = (
				8016B1502A61735E00D71E3A /* LaunchScreen.storyboard in Resources */,
				8016B14D2A61735E00D71E3A /* Assets.xcassets in Resources */,
				8016B14B2A61735D00D71E3A /* Main.storyboard in Resources */,
			);
			runOnlyForDeploymentPostprocessing = 0;
		};
		8016B1542A61735E00D71E3A /* Resources */ = {
			isa = PBXResourcesBuildPhase;
			buildActionMask = 2147483647;
			files = (
			);
			runOnlyForDeploymentPostprocessing = 0;
		};
		8016B15E2A61735E00D71E3A /* Resources */ = {
			isa = PBXResourcesBuildPhase;
			buildActionMask = 2147483647;
			files = (
			);
			runOnlyForDeploymentPostprocessing = 0;
		};
/* End PBXResourcesBuildPhase section */

/* Begin PBXSourcesBuildPhase section */
		8016B13C2A61735D00D71E3A /* Sources */ = {
			isa = PBXSourcesBuildPhase;
			buildActionMask = 2147483647;
			files = (
				8016B1482A61735D00D71E3A /* ViewController.swift in Sources */,
				8016B1442A61735D00D71E3A /* AppDelegate.swift in Sources */,
				8016B1462A61735D00D71E3A /* SceneDelegate.swift in Sources */,
			);
			runOnlyForDeploymentPostprocessing = 0;
		};
		8016B1522A61735E00D71E3A /* Sources */ = {
			isa = PBXSourcesBuildPhase;
			buildActionMask = 2147483647;
			files = (
				8016B15B2A61735E00D71E3A /* Tab_Bar_ControllerTests.swift in Sources */,
			);
			runOnlyForDeploymentPostprocessing = 0;
		};
		8016B15C2A61735E00D71E3A /* Sources */ = {
			isa = PBXSourcesBuildPhase;
			buildActionMask = 2147483647;
			files = (
				8016B1672A61735E00D71E3A /* Tab_Bar_ControllerUITestsLaunchTests.swift in Sources */,
				8016B1652A61735E00D71E3A /* Tab_Bar_ControllerUITests.swift in Sources */,
			);
			runOnlyForDeploymentPostprocessing = 0;
		};
/* End PBXSourcesBuildPhase section */

/* Begin PBXTargetDependency section */
		8016B1582A61735E00D71E3A /* PBXTargetDependency */ = {
			isa = PBXTargetDependency;
			target = 8016B13F2A61735D00D71E3A /* Tab Bar Controller */;
			targetProxy = 8016B1572A61735E00D71E3A /* PBXContainerItemProxy */;
		};
		8016B1622A61735E00D71E3A /* PBXTargetDependency */ = {
			isa = PBXTargetDependency;
			target = 8016B13F2A61735D00D71E3A /* Tab Bar Controller */;
			targetProxy = 8016B1612A61735E00D71E3A /* PBXContainerItemProxy */;
		};
/* End PBXTargetDependency section */

/* Begin PBXVariantGroup section */
		8016B1492A61735D00D71E3A /* Main.storyboard */ = {
			isa = PBXVariantGroup;
			children = (
				8016B14A2A61735D00D71E3A /* Base */,
			);
			name = Main.storyboard;
			sourceTree = "<group>";
		};
		8016B14E2A61735E00D71E3A /* LaunchScreen.storyboard */ = {
			isa = PBXVariantGroup;
			children = (
				8016B14F2A61735E00D71E3A /* Base */,
			);
			name = LaunchScreen.storyboard;
			sourceTree = "<group>";
		};
/* End PBXVariantGroup section */

/* Begin XCBuildConfiguration section */
		8016B1682A61735E00D71E3A /* Debug */ = {
			isa = XCBuildConfiguration;
			buildSettings = {
				ALWAYS_SEARCH_USER_PATHS = NO;
				CLANG_ANALYZER_NONNULL = YES;
				CLANG_ANALYZER_NUMBER_OBJECT_CONVERSION = YES_AGGRESSIVE;
				CLANG_CXX_LANGUAGE_STANDARD = "gnu++20";
				CLANG_ENABLE_MODULES = YES;
				CLANG_ENABLE_OBJC_ARC = YES;
				CLANG_ENABLE_OBJC_WEAK = YES;
				CLANG_WARN_BLOCK_CAPTURE_AUTORELEASING = YES;
				CLANG_WARN_BOOL_CONVERSION = YES;
				CLANG_WARN_COMMA = YES;
				CLANG_WARN_CONSTANT_CONVERSION = YES;
				CLANG_WARN_DEPRECATED_OBJC_IMPLEMENTATIONS = YES;
				CLANG_WARN_DIRECT_OBJC_ISA_USAGE = YES_ERROR;
				CLANG_WARN_DOCUMENTATION_COMMENTS = YES;
				CLANG_WARN_EMPTY_BODY = YES;
				CLANG_WARN_ENUM_CONVERSION = YES;
				CLANG_WARN_INFINITE_RECURSION = YES;
				CLANG_WARN_INT_CONVERSION = YES;
				CLANG_WARN_NON_LITERAL_NULL_CONVERSION = YES;
				CLANG_WARN_OBJC_IMPLICIT_RETAIN_SELF = YES;
				CLANG_WARN_OBJC_LITERAL_CONVERSION = YES;
				CLANG_WARN_OBJC_ROOT_CLASS = YES_ERROR;
				CLANG_WARN_QUOTED_INCLUDE_IN_FRAMEWORK_HEADER = YES;
				CLANG_WARN_RANGE_LOOP_ANALYSIS = YES;
				CLANG_WARN_STRICT_PROTOTYPES = YES;
				CLANG_WARN_SUSPICIOUS_MOVE = YES;
				CLANG_WARN_UNGUARDED_AVAILABILITY = YES_AGGRESSIVE;
				CLANG_WARN_UNREACHABLE_CODE = YES;
				CLANG_WARN__DUPLICATE_METHOD_MATCH = YES;
				COPY_PHASE_STRIP = NO;
				DEBUG_INFORMATION_FORMAT = dwarf;
				ENABLE_STRICT_OBJC_MSGSEND = YES;
				ENABLE_TESTABILITY = YES;
				GCC_C_LANGUAGE_STANDARD = gnu11;
				GCC_DYNAMIC_NO_PIC = NO;
				GCC_NO_COMMON_BLOCKS = YES;
				GCC_OPTIMIZATION_LEVEL = 0;
				GCC_PREPROCESSOR_DEFINITIONS = (
					"DEBUG=1",
					"$(inherited)",
				);
				GCC_WARN_64_TO_32_BIT_CONVERSION = YES;
				GCC_WARN_ABOUT_RETURN_TYPE = YES_ERROR;
				GCC_WARN_UNDECLARED_SELECTOR = YES;
				GCC_WARN_UNINITIALIZED_AUTOS = YES_AGGRESSIVE;
				GCC_WARN_UNUSED_FUNCTION = YES;
				GCC_WARN_UNUSED_VARIABLE = YES;
				IPHONEOS_DEPLOYMENT_TARGET = 16.4;
				MTL_ENABLE_DEBUG_INFO = INCLUDE_SOURCE;
				MTL_FAST_MATH = YES;
				ONLY_ACTIVE_ARCH = YES;
				SDKROOT = iphoneos;
				SWIFT_ACTIVE_COMPILATION_CONDITIONS = DEBUG;
				SWIFT_OPTIMIZATION_LEVEL = "-Onone";
			};
			name = Debug;
		};
		8016B1692A61735E00D71E3A /* Release */ = {
			isa = XCBuildConfiguration;
			buildSettings = {
				ALWAYS_SEARCH_USER_PATHS = NO;
				CLANG_ANALYZER_NONNULL = YES;
				CLANG_ANALYZER_NUMBER_OBJECT_CONVERSION = YES_AGGRESSIVE;
				CLANG_CXX_LANGUAGE_STANDARD = "gnu++20";
				CLANG_ENABLE_MODULES = YES;
				CLANG_ENABLE_OBJC_ARC = YES;
				CLANG_ENABLE_OBJC_WEAK = YES;
				CLANG_WARN_BLOCK_CAPTURE_AUTORELEASING = YES;
				CLANG_WARN_BOOL_CONVERSION = YES;
				CLANG_WARN_COMMA = YES;
				CLANG_WARN_CONSTANT_CONVERSION = YES;
				CLANG_WARN_DEPRECATED_OBJC_IMPLEMENTATIONS = YES;
				CLANG_WARN_DIRECT_OBJC_ISA_USAGE = YES_ERROR;
				CLANG_WARN_DOCUMENTATION_COMMENTS = YES;
				CLANG_WARN_EMPTY_BODY = YES;
				CLANG_WARN_ENUM_CONVERSION = YES;
				CLANG_WARN_INFINITE_RECURSION = YES;
				CLANG_WARN_INT_CONVERSION = YES;
				CLANG_WARN_NON_LITERAL_NULL_CONVERSION = YES;
				CLANG_WARN_OBJC_IMPLICIT_RETAIN_SELF = YES;
				CLANG_WARN_OBJC_LITERAL_CONVERSION = YES;
				CLANG_WARN_OBJC_ROOT_CLASS = YES_ERROR;
				CLANG_WARN_QUOTED_INCLUDE_IN_FRAMEWORK_HEADER = YES;
				CLANG_WARN_RANGE_LOOP_ANALYSIS = YES;
				CLANG_WARN_STRICT_PROTOTYPES = YES;
				CLANG_WARN_SUSPICIOUS_MOVE = YES;
				CLANG_WARN_UNGUARDED_AVAILABILITY = YES_AGGRESSIVE;
				CLANG_WARN_UNREACHABLE_CODE = YES;
				CLANG_WARN__DUPLICATE_METHOD_MATCH = YES;
				COPY_PHASE_STRIP = NO;
				DEBUG_INFORMATION_FORMAT = "dwarf-with-dsym";
				ENABLE_NS_ASSERTIONS = NO;
				ENABLE_STRICT_OBJC_MSGSEND = YES;
				GCC_C_LANGUAGE_STANDARD = gnu11;
				GCC_NO_COMMON_BLOCKS = YES;
				GCC_WARN_64_TO_32_BIT_CONVERSION = YES;
				GCC_WARN_ABOUT_RETURN_TYPE = YES_ERROR;
				GCC_WARN_UNDECLARED_SELECTOR = YES;
				GCC_WARN_UNINITIALIZED_AUTOS = YES_AGGRESSIVE;
				GCC_WARN_UNUSED_FUNCTION = YES;
				GCC_WARN_UNUSED_VARIABLE = YES;
				IPHONEOS_DEPLOYMENT_TARGET = 16.4;
				MTL_ENABLE_DEBUG_INFO = NO;
				MTL_FAST_MATH = YES;
				SDKROOT = iphoneos;
				SWIFT_COMPILATION_MODE = wholemodule;
				SWIFT_OPTIMIZATION_LEVEL = "-O";
				VALIDATE_PRODUCT = YES;
			};
			name = Release;
		};
		8016B16B2A61735E00D71E3A /* Debug */ = {
			isa = XCBuildConfiguration;
			buildSettings = {
				ASSETCATALOG_COMPILER_APPICON_NAME = AppIcon;
				ASSETCATALOG_COMPILER_GLOBAL_ACCENT_COLOR_NAME = AccentColor;
				CODE_SIGN_STYLE = Automatic;
				CURRENT_PROJECT_VERSION = 1;
				GENERATE_INFOPLIST_FILE = YES;
				INFOPLIST_FILE = "Tab Bar Controller/Info.plist";
				INFOPLIST_KEY_UIApplicationSupportsIndirectInputEvents = YES;
				INFOPLIST_KEY_UILaunchStoryboardName = LaunchScreen;
				INFOPLIST_KEY_UIMainStoryboardFile = Main;
				INFOPLIST_KEY_UISupportedInterfaceOrientations_iPad = "UIInterfaceOrientationPortrait UIInterfaceOrientationPortraitUpsideDown UIInterfaceOrientationLandscapeLeft UIInterfaceOrientationLandscapeRight";
				INFOPLIST_KEY_UISupportedInterfaceOrientations_iPhone = "UIInterfaceOrientationPortrait UIInterfaceOrientationLandscapeLeft UIInterfaceOrientationLandscapeRight";
				LD_RUNPATH_SEARCH_PATHS = (
					"$(inherited)",
					"@executable_path/Frameworks",
				);
				MARKETING_VERSION = 1.0;
				PRODUCT_BUNDLE_IDENTIFIER = "madSIK.Tab-Bar-Controller";
				PRODUCT_NAME = "$(TARGET_NAME)";
				SWIFT_EMIT_LOC_STRINGS = YES;
				SWIFT_VERSION = 5.0;
				TARGETED_DEVICE_FAMILY = "1,2";
			};
			name = Debug;
		};
		8016B16C2A61735E00D71E3A /* Release */ = {
			isa = XCBuildConfiguration;
			buildSettings = {
				ASSETCATALOG_COMPILER_APPICON_NAME = AppIcon;
				ASSETCATALOG_COMPILER_GLOBAL_ACCENT_COLOR_NAME = AccentColor;
				CODE_SIGN_STYLE = Automatic;
				CURRENT_PROJECT_VERSION = 1;
				GENERATE_INFOPLIST_FILE = YES;
				INFOPLIST_FILE = "Tab Bar Controller/Info.plist";
				INFOPLIST_KEY_UIApplicationSupportsIndirectInputEvents = YES;
				INFOPLIST_KEY_UILaunchStoryboardName = LaunchScreen;
				INFOPLIST_KEY_UIMainStoryboardFile = Main;
				INFOPLIST_KEY_UISupportedInterfaceOrientations_iPad = "UIInterfaceOrientationPortrait UIInterfaceOrientationPortraitUpsideDown UIInterfaceOrientationLandscapeLeft UIInterfaceOrientationLandscapeRight";
				INFOPLIST_KEY_UISupportedInterfaceOrientations_iPhone = "UIInterfaceOrientationPortrait UIInterfaceOrientationLandscapeLeft UIInterfaceOrientationLandscapeRight";
				LD_RUNPATH_SEARCH_PATHS = (
					"$(inherited)",
					"@executable_path/Frameworks",
				);
				MARKETING_VERSION = 1.0;
				PRODUCT_BUNDLE_IDENTIFIER = "madSIK.Tab-Bar-Controller";
				PRODUCT_NAME = "$(TARGET_NAME)";
				SWIFT_EMIT_LOC_STRINGS = YES;
				SWIFT_VERSION = 5.0;
				TARGETED_DEVICE_FAMILY = "1,2";
			};
			name = Release;
		};
		8016B16E2A61735E00D71E3A /* Debug */ = {
			isa = XCBuildConfiguration;
			buildSettings = {
				ALWAYS_EMBED_SWIFT_STANDARD_LIBRARIES = YES;
				BUNDLE_LOADER = "$(TEST_HOST)";
				CODE_SIGN_STYLE = Automatic;
				CURRENT_PROJECT_VERSION = 1;
				GENERATE_INFOPLIST_FILE = YES;
				IPHONEOS_DEPLOYMENT_TARGET = 16.4;
				MARKETING_VERSION = 1.0;
				PRODUCT_BUNDLE_IDENTIFIER = "madSIK.Tab-Bar-ControllerTests";
				PRODUCT_NAME = "$(TARGET_NAME)";
				SWIFT_EMIT_LOC_STRINGS = NO;
				SWIFT_VERSION = 5.0;
				TARGETED_DEVICE_FAMILY = "1,2";
				TEST_HOST = "$(BUILT_PRODUCTS_DIR)/Tab Bar Controller.app/$(BUNDLE_EXECUTABLE_FOLDER_PATH)/Tab Bar Controller";
			};
			name = Debug;
		};
		8016B16F2A61735E00D71E3A /* Release */ = {
			isa = XCBuildConfiguration;
			buildSettings = {
				ALWAYS_EMBED_SWIFT_STANDARD_LIBRARIES = YES;
				BUNDLE_LOADER = "$(TEST_HOST)";
				CODE_SIGN_STYLE = Automatic;
				CURRENT_PROJECT_VERSION = 1;
				GENERATE_INFOPLIST_FILE = YES;
				IPHONEOS_DEPLOYMENT_TARGET = 16.4;
				MARKETING_VERSION = 1.0;
				PRODUCT_BUNDLE_IDENTIFIER = "madSIK.Tab-Bar-ControllerTests";
				PRODUCT_NAME = "$(TARGET_NAME)";
				SWIFT_EMIT_LOC_STRINGS = NO;
				SWIFT_VERSION = 5.0;
				TARGETED_DEVICE_FAMILY = "1,2";
				TEST_HOST = "$(BUILT_PRODUCTS_DIR)/Tab Bar Controller.app/$(BUNDLE_EXECUTABLE_FOLDER_PATH)/Tab Bar Controller";
			};
			name = Release;
		};
		8016B1712A61735E00D71E3A /* Debug */ = {
			isa = XCBuildConfiguration;
			buildSettings = {
				ALWAYS_EMBED_SWIFT_STANDARD_LIBRARIES = YES;
				CODE_SIGN_STYLE = Automatic;
				CURRENT_PROJECT_VERSION = 1;
				GENERATE_INFOPLIST_FILE = YES;
				MARKETING_VERSION = 1.0;
				PRODUCT_BUNDLE_IDENTIFIER = "madSIK.Tab-Bar-ControllerUITests";
				PRODUCT_NAME = "$(TARGET_NAME)";
				SWIFT_EMIT_LOC_STRINGS = NO;
				SWIFT_VERSION = 5.0;
				TARGETED_DEVICE_FAMILY = "1,2";
				TEST_TARGET_NAME = "Tab Bar Controller";
			};
			name = Debug;
		};
		8016B1722A61735E00D71E3A /* Release */ = {
			isa = XCBuildConfiguration;
			buildSettings = {
				ALWAYS_EMBED_SWIFT_STANDARD_LIBRARIES = YES;
				CODE_SIGN_STYLE = Automatic;
				CURRENT_PROJECT_VERSION = 1;
				GENERATE_INFOPLIST_FILE = YES;
				MARKETING_VERSION = 1.0;
				PRODUCT_BUNDLE_IDENTIFIER = "madSIK.Tab-Bar-ControllerUITests";
				PRODUCT_NAME = "$(TARGET_NAME)";
				SWIFT_EMIT_LOC_STRINGS = NO;
				SWIFT_VERSION = 5.0;
				TARGETED_DEVICE_FAMILY = "1,2";
				TEST_TARGET_NAME = "Tab Bar Controller";
			};
			name = Release;
		};
/* End XCBuildConfiguration section */

/* Begin XCConfigurationList section */
		8016B13B2A61735D00D71E3A /* Build configuration list for PBXProject "Tab Bar Controller" */ = {
			isa = XCConfigurationList;
			buildConfigurations = (
				8016B1682A61735E00D71E3A /* Debug */,
				8016B1692A61735E00D71E3A /* Release */,
			);
			defaultConfigurationIsVisible = 0;
			defaultConfigurationName = Release;
		};
		8016B16A2A61735E00D71E3A /* Build configuration list for PBXNativeTarget "Tab Bar Controller" */ = {
			isa = XCConfigurationList;
			buildConfigurations = (
				8016B16B2A61735E00D71E3A /* Debug */,
				8016B16C2A61735E00D71E3A /* Release */,
			);
			defaultConfigurationIsVisible = 0;
			defaultConfigurationName = Release;
		};
		8016B16D2A61735E00D71E3A /* Build configuration list for PBXNativeTarget "Tab Bar ControllerTests" */ = {
			isa = XCConfigurationList;
			buildConfigurations = (
				8016B16E2A61735E00D71E3A /* Debug */,
				8016B16F2A61735E00D71E3A /* Release */,
			);
			defaultConfigurationIsVisible = 0;
			defaultConfigurationName = Release;
		};
		8016B1702A61735E00D71E3A /* Build configuration list for PBXNativeTarget "Tab Bar ControllerUITests" */ = {
			isa = XCConfigurationList;
			buildConfigurations = (
				8016B1712A61735E00D71E3A /* Debug */,
				8016B1722A61735E00D71E3A /* Release */,
			);
			defaultConfigurationIsVisible = 0;
			defaultConfigurationName = Release;
		};
/* End XCConfigurationList section */
	};
	rootObject = 8016B1382A61735D00D71E3A /* Project object */;
}
