// !$*UTF8*$!
{
	archiveVersion = 1;
	classes = {
	};
	objectVersion = 56;
	objects = {

/* Begin PBXBuildFile section */
		8033A67E2A55A8C700B4AFF2 /* AppDelegate.swift in Sources */ = {isa = PBXBuildFile; fileRef = 8033A67D2A55A8C700B4AFF2 /* AppDelegate.swift */; };
		8033A6802A55A8C700B4AFF2 /* SceneDelegate.swift in Sources */ = {isa = PBXBuildFile; fileRef = 8033A67F2A55A8C700B4AFF2 /* SceneDelegate.swift */; };
		8033A6822A55A8C700B4AFF2 /* ViewController.swift in Sources */ = {isa = PBXBuildFile; fileRef = 8033A6812A55A8C700B4AFF2 /* ViewController.swift */; };
		8033A6852A55A8C700B4AFF2 /* Main.storyboard in Resources */ = {isa = PBXBuildFile; fileRef = 8033A6832A55A8C700B4AFF2 /* Main.storyboard */; };
		8033A6872A55A8C800B4AFF2 /* Assets.xcassets in Resources */ = {isa = PBXBuildFile; fileRef = 8033A6862A55A8C800B4AFF2 /* Assets.xcassets */; };
		8033A68A2A55A8C800B4AFF2 /* LaunchScreen.storyboard in Resources */ = {isa = PBXBuildFile; fileRef = 8033A6882A55A8C800B4AFF2 /* LaunchScreen.storyboard */; };
		8033A6952A55A8C800B4AFF2 /* MultiLanguageAppTests.swift in Sources */ = {isa = PBXBuildFile; fileRef = 8033A6942A55A8C800B4AFF2 /* MultiLanguageAppTests.swift */; };
		8033A69F2A55A8C800B4AFF2 /* MultiLanguageAppUITests.swift in Sources */ = {isa = PBXBuildFile; fileRef = 8033A69E2A55A8C800B4AFF2 /* MultiLanguageAppUITests.swift */; };
		8033A6A12A55A8C800B4AFF2 /* MultiLanguageAppUITestsLaunchTests.swift in Sources */ = {isa = PBXBuildFile; fileRef = 8033A6A02A55A8C800B4AFF2 /* MultiLanguageAppUITestsLaunchTests.swift */; };
/* End PBXBuildFile section */

/* Begin PBXContainerItemProxy section */
		8033A6912A55A8C800B4AFF2 /* PBXContainerItemProxy */ = {
			isa = PBXContainerItemProxy;
			containerPortal = 8033A6722A55A8C700B4AFF2 /* Project object */;
			proxyType = 1;
			remoteGlobalIDString = 8033A6792A55A8C700B4AFF2;
			remoteInfo = MultiLanguageApp;
		};
		8033A69B2A55A8C800B4AFF2 /* PBXContainerItemProxy */ = {
			isa = PBXContainerItemProxy;
			containerPortal = 8033A6722A55A8C700B4AFF2 /* Project object */;
			proxyType = 1;
			remoteGlobalIDString = 8033A6792A55A8C700B4AFF2;
			remoteInfo = MultiLanguageApp;
		};
/* End PBXContainerItemProxy section */

/* Begin PBXFileReference section */
		8033A67A2A55A8C700B4AFF2 /* MultiLanguageApp.app */ = {isa = PBXFileReference; explicitFileType = wrapper.application; includeInIndex = 0; path = MultiLanguageApp.app; sourceTree = BUILT_PRODUCTS_DIR; };
		8033A67D2A55A8C700B4AFF2 /* AppDelegate.swift */ = {isa = PBXFileReference; lastKnownFileType = sourcecode.swift; path = AppDelegate.swift; sourceTree = "<group>"; };
		8033A67F2A55A8C700B4AFF2 /* SceneDelegate.swift */ = {isa = PBXFileReference; lastKnownFileType = sourcecode.swift; path = SceneDelegate.swift; sourceTree = "<group>"; };
		8033A6812A55A8C700B4AFF2 /* ViewController.swift */ = {isa = PBXFileReference; lastKnownFileType = sourcecode.swift; path = ViewController.swift; sourceTree = "<group>"; };
		8033A6842A55A8C700B4AFF2 /* Base */ = {isa = PBXFileReference; lastKnownFileType = file.storyboard; name = Base; path = Base.lproj/Main.storyboard; sourceTree = "<group>"; };
		8033A6862A55A8C800B4AFF2 /* Assets.xcassets */ = {isa = PBXFileReference; lastKnownFileType = folder.assetcatalog; path = Assets.xcassets; sourceTree = "<group>"; };
		8033A6892A55A8C800B4AFF2 /* Base */ = {isa = PBXFileReference; lastKnownFileType = file.storyboard; name = Base; path = Base.lproj/LaunchScreen.storyboard; sourceTree = "<group>"; };
		8033A68B2A55A8C800B4AFF2 /* Info.plist */ = {isa = PBXFileReference; lastKnownFileType = text.plist.xml; path = Info.plist; sourceTree = "<group>"; };
		8033A6902A55A8C800B4AFF2 /* MultiLanguageAppTests.xctest */ = {isa = PBXFileReference; explicitFileType = wrapper.cfbundle; includeInIndex = 0; path = MultiLanguageAppTests.xctest; sourceTree = BUILT_PRODUCTS_DIR; };
		8033A6942A55A8C800B4AFF2 /* MultiLanguageAppTests.swift */ = {isa = PBXFileReference; lastKnownFileType = sourcecode.swift; path = MultiLanguageAppTests.swift; sourceTree = "<group>"; };
		8033A69A2A55A8C800B4AFF2 /* MultiLanguageAppUITests.xctest */ = {isa = PBXFileReference; explicitFileType = wrapper.cfbundle; includeInIndex = 0; path = MultiLanguageAppUITests.xctest; sourceTree = BUILT_PRODUCTS_DIR; };
		8033A69E2A55A8C800B4AFF2 /* MultiLanguageAppUITests.swift */ = {isa = PBXFileReference; lastKnownFileType = sourcecode.swift; path = MultiLanguageAppUITests.swift; sourceTree = "<group>"; };
		8033A6A02A55A8C800B4AFF2 /* MultiLanguageAppUITestsLaunchTests.swift */ = {isa = PBXFileReference; lastKnownFileType = sourcecode.swift; path = MultiLanguageAppUITestsLaunchTests.swift; sourceTree = "<group>"; };
		8033A6AD2A55A97900B4AFF2 /* tr */ = {isa = PBXFileReference; lastKnownFileType = text.plist.strings; name = tr; path = tr.lproj/Main.strings; sourceTree = "<group>"; };
		8033A6AE2A55A97900B4AFF2 /* tr */ = {isa = PBXFileReference; lastKnownFileType = text.plist.strings; name = tr; path = tr.lproj/LaunchScreen.strings; sourceTree = "<group>"; };
/* End PBXFileReference section */

/* Begin PBXFrameworksBuildPhase section */
		8033A6772A55A8C700B4AFF2 /* Frameworks */ = {
			isa = PBXFrameworksBuildPhase;
			buildActionMask = 2147483647;
			files = (
			);
			runOnlyForDeploymentPostprocessing = 0;
		};
		8033A68D2A55A8C800B4AFF2 /* Frameworks */ = {
			isa = PBXFrameworksBuildPhase;
			buildActionMask = 2147483647;
			files = (
			);
			runOnlyForDeploymentPostprocessing = 0;
		};
		8033A6972A55A8C800B4AFF2 /* Frameworks */ = {
			isa = PBXFrameworksBuildPhase;
			buildActionMask = 2147483647;
			files = (
			);
			runOnlyForDeploymentPostprocessing = 0;
		};
/* End PBXFrameworksBuildPhase section */

/* Begin PBXGroup section */
		8033A6712A55A8C700B4AFF2 = {
			isa = PBXGroup;
			children = (
				8033A67C2A55A8C700B4AFF2 /* MultiLanguageApp */,
				8033A6932A55A8C800B4AFF2 /* MultiLanguageAppTests */,
				8033A69D2A55A8C800B4AFF2 /* MultiLanguageAppUITests */,
				8033A67B2A55A8C700B4AFF2 /* Products */,
			);
			sourceTree = "<group>";
		};
		8033A67B2A55A8C700B4AFF2 /* Products */ = {
			isa = PBXGroup;
			children = (
				8033A67A2A55A8C700B4AFF2 /* MultiLanguageApp.app */,
				8033A6902A55A8C800B4AFF2 /* MultiLanguageAppTests.xctest */,
				8033A69A2A55A8C800B4AFF2 /* MultiLanguageAppUITests.xctest */,
			);
			name = Products;
			sourceTree = "<group>";
		};
		8033A67C2A55A8C700B4AFF2 /* MultiLanguageApp */ = {
			isa = PBXGroup;
			children = (
				8033A67D2A55A8C700B4AFF2 /* AppDelegate.swift */,
				8033A67F2A55A8C700B4AFF2 /* SceneDelegate.swift */,
				8033A6812A55A8C700B4AFF2 /* ViewController.swift */,
				8033A6832A55A8C700B4AFF2 /* Main.storyboard */,
				8033A6862A55A8C800B4AFF2 /* Assets.xcassets */,
				8033A6882A55A8C800B4AFF2 /* LaunchScreen.storyboard */,
				8033A68B2A55A8C800B4AFF2 /* Info.plist */,
			);
			path = MultiLanguageApp;
			sourceTree = "<group>";
		};
		8033A6932A55A8C800B4AFF2 /* MultiLanguageAppTests */ = {
			isa = PBXGroup;
			children = (
				8033A6942A55A8C800B4AFF2 /* MultiLanguageAppTests.swift */,
			);
			path = MultiLanguageAppTests;
			sourceTree = "<group>";
		};
		8033A69D2A55A8C800B4AFF2 /* MultiLanguageAppUITests */ = {
			isa = PBXGroup;
			children = (
				8033A69E2A55A8C800B4AFF2 /* MultiLanguageAppUITests.swift */,
				8033A6A02A55A8C800B4AFF2 /* MultiLanguageAppUITestsLaunchTests.swift */,
			);
			path = MultiLanguageAppUITests;
			sourceTree = "<group>";
		};
/* End PBXGroup section */

/* Begin PBXNativeTarget section */
		8033A6792A55A8C700B4AFF2 /* MultiLanguageApp */ = {
			isa = PBXNativeTarget;
			buildConfigurationList = 8033A6A42A55A8C800B4AFF2 /* Build configuration list for PBXNativeTarget "MultiLanguageApp" */;
			buildPhases = (
				8033A6762A55A8C700B4AFF2 /* Sources */,
				8033A6772A55A8C700B4AFF2 /* Frameworks */,
				8033A6782A55A8C700B4AFF2 /* Resources */,
			);
			buildRules = (
			);
			dependencies = (
			);
			name = MultiLanguageApp;
			productName = MultiLanguageApp;
			productReference = 8033A67A2A55A8C700B4AFF2 /* MultiLanguageApp.app */;
			productType = "com.apple.product-type.application";
		};
		8033A68F2A55A8C800B4AFF2 /* MultiLanguageAppTests */ = {
			isa = PBXNativeTarget;
			buildConfigurationList = 8033A6A72A55A8C800B4AFF2 /* Build configuration list for PBXNativeTarget "MultiLanguageAppTests" */;
			buildPhases = (
				8033A68C2A55A8C800B4AFF2 /* Sources */,
				8033A68D2A55A8C800B4AFF2 /* Frameworks */,
				8033A68E2A55A8C800B4AFF2 /* Resources */,
			);
			buildRules = (
			);
			dependencies = (
				8033A6922A55A8C800B4AFF2 /* PBXTargetDependency */,
			);
			name = MultiLanguageAppTests;
			productName = MultiLanguageAppTests;
			productReference = 8033A6902A55A8C800B4AFF2 /* MultiLanguageAppTests.xctest */;
			productType = "com.apple.product-type.bundle.unit-test";
		};
		8033A6992A55A8C800B4AFF2 /* MultiLanguageAppUITests */ = {
			isa = PBXNativeTarget;
			buildConfigurationList = 8033A6AA2A55A8C800B4AFF2 /* Build configuration list for PBXNativeTarget "MultiLanguageAppUITests" */;
			buildPhases = (
				8033A6962A55A8C800B4AFF2 /* Sources */,
				8033A6972A55A8C800B4AFF2 /* Frameworks */,
				8033A6982A55A8C800B4AFF2 /* Resources */,
			);
			buildRules = (
			);
			dependencies = (
				8033A69C2A55A8C800B4AFF2 /* PBXTargetDependency */,
			);
			name = MultiLanguageAppUITests;
			productName = MultiLanguageAppUITests;
			productReference = 8033A69A2A55A8C800B4AFF2 /* MultiLanguageAppUITests.xctest */;
			productType = "com.apple.product-type.bundle.ui-testing";
		};
/* End PBXNativeTarget section */

/* Begin PBXProject section */
		8033A6722A55A8C700B4AFF2 /* Project object */ = {
			isa = PBXProject;
			attributes = {
				BuildIndependentTargetsInParallel = 1;
				LastSwiftUpdateCheck = 1430;
				LastUpgradeCheck = 1430;
				TargetAttributes = {
					8033A6792A55A8C700B4AFF2 = {
						CreatedOnToolsVersion = 14.3.1;
					};
					8033A68F2A55A8C800B4AFF2 = {
						CreatedOnToolsVersion = 14.3.1;
						TestTargetID = 8033A6792A55A8C700B4AFF2;
					};
					8033A6992A55A8C800B4AFF2 = {
						CreatedOnToolsVersion = 14.3.1;
						TestTargetID = 8033A6792A55A8C700B4AFF2;
					};
				};
			};
			buildConfigurationList = 8033A6752A55A8C700B4AFF2 /* Build configuration list for PBXProject "MultiLanguageApp" */;
			compatibilityVersion = "Xcode 14.0";
			developmentRegion = en;
			hasScannedForEncodings = 0;
			knownRegions = (
				en,
				Base,
				tr,
			);
			mainGroup = 8033A6712A55A8C700B4AFF2;
			productRefGroup = 8033A67B2A55A8C700B4AFF2 /* Products */;
			projectDirPath = "";
			projectRoot = "";
			targets = (
				8033A6792A55A8C700B4AFF2 /* MultiLanguageApp */,
				8033A68F2A55A8C800B4AFF2 /* MultiLanguageAppTests */,
				8033A6992A55A8C800B4AFF2 /* MultiLanguageAppUITests */,
			);
		};
/* End PBXProject section */

/* Begin PBXResourcesBuildPhase section */
		8033A6782A55A8C700B4AFF2 /* Resources */ = {
			isa = PBXResourcesBuildPhase;
			buildActionMask = 2147483647;
			files = (
				8033A68A2A55A8C800B4AFF2 /* LaunchScreen.storyboard in Resources */,
				8033A6872A55A8C800B4AFF2 /* Assets.xcassets in Resources */,
				8033A6852A55A8C700B4AFF2 /* Main.storyboard in Resources */,
			);
			runOnlyForDeploymentPostprocessing = 0;
		};
		8033A68E2A55A8C800B4AFF2 /* Resources */ = {
			isa = PBXResourcesBuildPhase;
			buildActionMask = 2147483647;
			files = (
			);
			runOnlyForDeploymentPostprocessing = 0;
		};
		8033A6982A55A8C800B4AFF2 /* Resources */ = {
			isa = PBXResourcesBuildPhase;
			buildActionMask = 2147483647;
			files = (
			);
			runOnlyForDeploymentPostprocessing = 0;
		};
/* End PBXResourcesBuildPhase section */

/* Begin PBXSourcesBuildPhase section */
		8033A6762A55A8C700B4AFF2 /* Sources */ = {
			isa = PBXSourcesBuildPhase;
			buildActionMask = 2147483647;
			files = (
				8033A6822A55A8C700B4AFF2 /* ViewController.swift in Sources */,
				8033A67E2A55A8C700B4AFF2 /* AppDelegate.swift in Sources */,
				8033A6802A55A8C700B4AFF2 /* SceneDelegate.swift in Sources */,
			);
			runOnlyForDeploymentPostprocessing = 0;
		};
		8033A68C2A55A8C800B4AFF2 /* Sources */ = {
			isa = PBXSourcesBuildPhase;
			buildActionMask = 2147483647;
			files = (
				8033A6952A55A8C800B4AFF2 /* MultiLanguageAppTests.swift in Sources */,
			);
			runOnlyForDeploymentPostprocessing = 0;
		};
		8033A6962A55A8C800B4AFF2 /* Sources */ = {
			isa = PBXSourcesBuildPhase;
			buildActionMask = 2147483647;
			files = (
				8033A6A12A55A8C800B4AFF2 /* MultiLanguageAppUITestsLaunchTests.swift in Sources */,
				8033A69F2A55A8C800B4AFF2 /* MultiLanguageAppUITests.swift in Sources */,
			);
			runOnlyForDeploymentPostprocessing = 0;
		};
/* End PBXSourcesBuildPhase section */

/* Begin PBXTargetDependency section */
		8033A6922A55A8C800B4AFF2 /* PBXTargetDependency */ = {
			isa = PBXTargetDependency;
			target = 8033A6792A55A8C700B4AFF2 /* MultiLanguageApp */;
			targetProxy = 8033A6912A55A8C800B4AFF2 /* PBXContainerItemProxy */;
		};
		8033A69C2A55A8C800B4AFF2 /* PBXTargetDependency */ = {
			isa = PBXTargetDependency;
			target = 8033A6792A55A8C700B4AFF2 /* MultiLanguageApp */;
			targetProxy = 8033A69B2A55A8C800B4AFF2 /* PBXContainerItemProxy */;
		};
/* End PBXTargetDependency section */

/* Begin PBXVariantGroup section */
		8033A6832A55A8C700B4AFF2 /* Main.storyboard */ = {
			isa = PBXVariantGroup;
			children = (
				8033A6842A55A8C700B4AFF2 /* Base */,
				8033A6AD2A55A97900B4AFF2 /* tr */,
			);
			name = Main.storyboard;
			sourceTree = "<group>";
		};
		8033A6882A55A8C800B4AFF2 /* LaunchScreen.storyboard */ = {
			isa = PBXVariantGroup;
			children = (
				8033A6892A55A8C800B4AFF2 /* Base */,
				8033A6AE2A55A97900B4AFF2 /* tr */,
			);
			name = LaunchScreen.storyboard;
			sourceTree = "<group>";
		};
/* End PBXVariantGroup section */

/* Begin XCBuildConfiguration section */
		8033A6A22A55A8C800B4AFF2 /* Debug */ = {
			isa = XCBuildConfiguration;
			buildSettings = {
				ALWAYS_SEARCH_USER_PATHS = NO;
				CLANG_ANALYZER_LOCALIZABILITY_NONLOCALIZED = YES;
				CLANG_ANALYZER_NONNULL = YES;
				CLANG_ANALYZER_NUMBER_OBJECT_CONVERSION = YES_AGGRESSIVE;
				CLANG_CXX_LANGUAGE_STANDARD = "gnu++20";
				CLANG_ENABLE_MODULES = YES;
				CLANG_ENABLE_OBJC_ARC = YES;
				CLANG_ENABLE_OBJC_WEAK = YES;
				CLANG_WARN_BLOCK_CAPTURE_AUTORELEASING = YES;
				CLANG_WARN_BOOL_CONVERSION = YES;
				CLANG_WARN_COMMA = YES;
				CLANG_WARN_CONSTANT_CONVERSION = YES;
				CLANG_WARN_DEPRECATED_OBJC_IMPLEMENTATIONS = YES;
				CLANG_WARN_DIRECT_OBJC_ISA_USAGE = YES_ERROR;
				CLANG_WARN_DOCUMENTATION_COMMENTS = YES;
				CLANG_WARN_EMPTY_BODY = YES;
				CLANG_WARN_ENUM_CONVERSION = YES;
				CLANG_WARN_INFINITE_RECURSION = YES;
				CLANG_WARN_INT_CONVERSION = YES;
				CLANG_WARN_NON_LITERAL_NULL_CONVERSION = YES;
				CLANG_WARN_OBJC_IMPLICIT_RETAIN_SELF = YES;
				CLANG_WARN_OBJC_LITERAL_CONVERSION = YES;
				CLANG_WARN_OBJC_ROOT_CLASS = YES_ERROR;
				CLANG_WARN_QUOTED_INCLUDE_IN_FRAMEWORK_HEADER = YES;
				CLANG_WARN_RANGE_LOOP_ANALYSIS = YES;
				CLANG_WARN_STRICT_PROTOTYPES = YES;
				CLANG_WARN_SUSPICIOUS_MOVE = YES;
				CLANG_WARN_UNGUARDED_AVAILABILITY = YES_AGGRESSIVE;
				CLANG_WARN_UNREACHABLE_CODE = YES;
				CLANG_WARN__DUPLICATE_METHOD_MATCH = YES;
				COPY_PHASE_STRIP = NO;
				DEBUG_INFORMATION_FORMAT = dwarf;
				ENABLE_STRICT_OBJC_MSGSEND = YES;
				ENABLE_TESTABILITY = YES;
				GCC_C_LANGUAGE_STANDARD = gnu11;
				GCC_DYNAMIC_NO_PIC = NO;
				GCC_NO_COMMON_BLOCKS = YES;
				GCC_OPTIMIZATION_LEVEL = 0;
				GCC_PREPROCESSOR_DEFINITIONS = (
					"DEBUG=1",
					"$(inherited)",
				);
				GCC_WARN_64_TO_32_BIT_CONVERSION = YES;
				GCC_WARN_ABOUT_RETURN_TYPE = YES_ERROR;
				GCC_WARN_UNDECLARED_SELECTOR = YES;
				GCC_WARN_UNINITIALIZED_AUTOS = YES_AGGRESSIVE;
				GCC_WARN_UNUSED_FUNCTION = YES;
				GCC_WARN_UNUSED_VARIABLE = YES;
				IPHONEOS_DEPLOYMENT_TARGET = 16.4;
				MTL_ENABLE_DEBUG_INFO = INCLUDE_SOURCE;
				MTL_FAST_MATH = YES;
				ONLY_ACTIVE_ARCH = YES;
				SDKROOT = iphoneos;
				SWIFT_ACTIVE_COMPILATION_CONDITIONS = DEBUG;
				SWIFT_OPTIMIZATION_LEVEL = "-Onone";
			};
			name = Debug;
		};
		8033A6A32A55A8C800B4AFF2 /* Release */ = {
			isa = XCBuildConfiguration;
			buildSettings = {
				ALWAYS_SEARCH_USER_PATHS = NO;
				CLANG_ANALYZER_LOCALIZABILITY_NONLOCALIZED = YES;
				CLANG_ANALYZER_NONNULL = YES;
				CLANG_ANALYZER_NUMBER_OBJECT_CONVERSION = YES_AGGRESSIVE;
				CLANG_CXX_LANGUAGE_STANDARD = "gnu++20";
				CLANG_ENABLE_MODULES = YES;
				CLANG_ENABLE_OBJC_ARC = YES;
				CLANG_ENABLE_OBJC_WEAK = YES;
				CLANG_WARN_BLOCK_CAPTURE_AUTORELEASING = YES;
				CLANG_WARN_BOOL_CONVERSION = YES;
				CLANG_WARN_COMMA = YES;
				CLANG_WARN_CONSTANT_CONVERSION = YES;
				CLANG_WARN_DEPRECATED_OBJC_IMPLEMENTATIONS = YES;
				CLANG_WARN_DIRECT_OBJC_ISA_USAGE = YES_ERROR;
				CLANG_WARN_DOCUMENTATION_COMMENTS = YES;
				CLANG_WARN_EMPTY_BODY = YES;
				CLANG_WARN_ENUM_CONVERSION = YES;
				CLANG_WARN_INFINITE_RECURSION = YES;
				CLANG_WARN_INT_CONVERSION = YES;
				CLANG_WARN_NON_LITERAL_NULL_CONVERSION = YES;
				CLANG_WARN_OBJC_IMPLICIT_RETAIN_SELF = YES;
				CLANG_WARN_OBJC_LITERAL_CONVERSION = YES;
				CLANG_WARN_OBJC_ROOT_CLASS = YES_ERROR;
				CLANG_WARN_QUOTED_INCLUDE_IN_FRAMEWORK_HEADER = YES;
				CLANG_WARN_RANGE_LOOP_ANALYSIS = YES;
				CLANG_WARN_STRICT_PROTOTYPES = YES;
				CLANG_WARN_SUSPICIOUS_MOVE = YES;
				CLANG_WARN_UNGUARDED_AVAILABILITY = YES_AGGRESSIVE;
				CLANG_WARN_UNREACHABLE_CODE = YES;
				CLANG_WARN__DUPLICATE_METHOD_MATCH = YES;
				COPY_PHASE_STRIP = NO;
				DEBUG_INFORMATION_FORMAT = "dwarf-with-dsym";
				ENABLE_NS_ASSERTIONS = NO;
				ENABLE_STRICT_OBJC_MSGSEND = YES;
				GCC_C_LANGUAGE_STANDARD = gnu11;
				GCC_NO_COMMON_BLOCKS = YES;
				GCC_WARN_64_TO_32_BIT_CONVERSION = YES;
				GCC_WARN_ABOUT_RETURN_TYPE = YES_ERROR;
				GCC_WARN_UNDECLARED_SELECTOR = YES;
				GCC_WARN_UNINITIALIZED_AUTOS = YES_AGGRESSIVE;
				GCC_WARN_UNUSED_FUNCTION = YES;
				GCC_WARN_UNUSED_VARIABLE = YES;
				IPHONEOS_DEPLOYMENT_TARGET = 16.4;
				MTL_ENABLE_DEBUG_INFO = NO;
				MTL_FAST_MATH = YES;
				SDKROOT = iphoneos;
				SWIFT_COMPILATION_MODE = wholemodule;
				SWIFT_OPTIMIZATION_LEVEL = "-O";
				VALIDATE_PRODUCT = YES;
			};
			name = Release;
		};
		8033A6A52A55A8C800B4AFF2 /* Debug */ = {
			isa = XCBuildConfiguration;
			buildSettings = {
				ASSETCATALOG_COMPILER_APPICON_NAME = AppIcon;
				ASSETCATALOG_COMPILER_GLOBAL_ACCENT_COLOR_NAME = AccentColor;
				CODE_SIGN_STYLE = Automatic;
				CURRENT_PROJECT_VERSION = 1;
				GENERATE_INFOPLIST_FILE = YES;
				INFOPLIST_FILE = MultiLanguageApp/Info.plist;
				INFOPLIST_KEY_UIApplicationSupportsIndirectInputEvents = YES;
				INFOPLIST_KEY_UILaunchStoryboardName = LaunchScreen;
				INFOPLIST_KEY_UIMainStoryboardFile = Main;
				INFOPLIST_KEY_UISupportedInterfaceOrientations_iPad = "UIInterfaceOrientationPortrait UIInterfaceOrientationPortraitUpsideDown UIInterfaceOrientationLandscapeLeft UIInterfaceOrientationLandscapeRight";
				INFOPLIST_KEY_UISupportedInterfaceOrientations_iPhone = "UIInterfaceOrientationPortrait UIInterfaceOrientationLandscapeLeft UIInterfaceOrientationLandscapeRight";
				LD_RUNPATH_SEARCH_PATHS = (
					"$(inherited)",
					"@executable_path/Frameworks",
				);
				MARKETING_VERSION = 1.0;
				PRODUCT_BUNDLE_IDENTIFIER = madSIK.MultiLanguageApp;
				PRODUCT_NAME = "$(TARGET_NAME)";
				SWIFT_EMIT_LOC_STRINGS = YES;
				SWIFT_VERSION = 5.0;
				TARGETED_DEVICE_FAMILY = "1,2";
			};
			name = Debug;
		};
		8033A6A62A55A8C800B4AFF2 /* Release */ = {
			isa = XCBuildConfiguration;
			buildSettings = {
				ASSETCATALOG_COMPILER_APPICON_NAME = AppIcon;
				ASSETCATALOG_COMPILER_GLOBAL_ACCENT_COLOR_NAME = AccentColor;
				CODE_SIGN_STYLE = Automatic;
				CURRENT_PROJECT_VERSION = 1;
				GENERATE_INFOPLIST_FILE = YES;
				INFOPLIST_FILE = MultiLanguageApp/Info.plist;
				INFOPLIST_KEY_UIApplicationSupportsIndirectInputEvents = YES;
				INFOPLIST_KEY_UILaunchStoryboardName = LaunchScreen;
				INFOPLIST_KEY_UIMainStoryboardFile = Main;
				INFOPLIST_KEY_UISupportedInterfaceOrientations_iPad = "UIInterfaceOrientationPortrait UIInterfaceOrientationPortraitUpsideDown UIInterfaceOrientationLandscapeLeft UIInterfaceOrientationLandscapeRight";
				INFOPLIST_KEY_UISupportedInterfaceOrientations_iPhone = "UIInterfaceOrientationPortrait UIInterfaceOrientationLandscapeLeft UIInterfaceOrientationLandscapeRight";
				LD_RUNPATH_SEARCH_PATHS = (
					"$(inherited)",
					"@executable_path/Frameworks",
				);
				MARKETING_VERSION = 1.0;
				PRODUCT_BUNDLE_IDENTIFIER = madSIK.MultiLanguageApp;
				PRODUCT_NAME = "$(TARGET_NAME)";
				SWIFT_EMIT_LOC_STRINGS = YES;
				SWIFT_VERSION = 5.0;
				TARGETED_DEVICE_FAMILY = "1,2";
			};
			name = Release;
		};
		8033A6A82A55A8C800B4AFF2 /* Debug */ = {
			isa = XCBuildConfiguration;
			buildSettings = {
				ALWAYS_EMBED_SWIFT_STANDARD_LIBRARIES = YES;
				BUNDLE_LOADER = "$(TEST_HOST)";
				CODE_SIGN_STYLE = Automatic;
				CURRENT_PROJECT_VERSION = 1;
				GENERATE_INFOPLIST_FILE = YES;
				IPHONEOS_DEPLOYMENT_TARGET = 16.4;
				MARKETING_VERSION = 1.0;
				PRODUCT_BUNDLE_IDENTIFIER = madSIK.MultiLanguageAppTests;
				PRODUCT_NAME = "$(TARGET_NAME)";
				SWIFT_EMIT_LOC_STRINGS = NO;
				SWIFT_VERSION = 5.0;
				TARGETED_DEVICE_FAMILY = "1,2";
				TEST_HOST = "$(BUILT_PRODUCTS_DIR)/MultiLanguageApp.app/$(BUNDLE_EXECUTABLE_FOLDER_PATH)/MultiLanguageApp";
			};
			name = Debug;
		};
		8033A6A92A55A8C800B4AFF2 /* Release */ = {
			isa = XCBuildConfiguration;
			buildSettings = {
				ALWAYS_EMBED_SWIFT_STANDARD_LIBRARIES = YES;
				BUNDLE_LOADER = "$(TEST_HOST)";
				CODE_SIGN_STYLE = Automatic;
				CURRENT_PROJECT_VERSION = 1;
				GENERATE_INFOPLIST_FILE = YES;
				IPHONEOS_DEPLOYMENT_TARGET = 16.4;
				MARKETING_VERSION = 1.0;
				PRODUCT_BUNDLE_IDENTIFIER = madSIK.MultiLanguageAppTests;
				PRODUCT_NAME = "$(TARGET_NAME)";
				SWIFT_EMIT_LOC_STRINGS = NO;
				SWIFT_VERSION = 5.0;
				TARGETED_DEVICE_FAMILY = "1,2";
				TEST_HOST = "$(BUILT_PRODUCTS_DIR)/MultiLanguageApp.app/$(BUNDLE_EXECUTABLE_FOLDER_PATH)/MultiLanguageApp";
			};
			name = Release;
		};
		8033A6AB2A55A8C800B4AFF2 /* Debug */ = {
			isa = XCBuildConfiguration;
			buildSettings = {
				ALWAYS_EMBED_SWIFT_STANDARD_LIBRARIES = YES;
				CODE_SIGN_STYLE = Automatic;
				CURRENT_PROJECT_VERSION = 1;
				GENERATE_INFOPLIST_FILE = YES;
				MARKETING_VERSION = 1.0;
				PRODUCT_BUNDLE_IDENTIFIER = madSIK.MultiLanguageAppUITests;
				PRODUCT_NAME = "$(TARGET_NAME)";
				SWIFT_EMIT_LOC_STRINGS = NO;
				SWIFT_VERSION = 5.0;
				TARGETED_DEVICE_FAMILY = "1,2";
				TEST_TARGET_NAME = MultiLanguageApp;
			};
			name = Debug;
		};
		8033A6AC2A55A8C800B4AFF2 /* Release */ = {
			isa = XCBuildConfiguration;
			buildSettings = {
				ALWAYS_EMBED_SWIFT_STANDARD_LIBRARIES = YES;
				CODE_SIGN_STYLE = Automatic;
				CURRENT_PROJECT_VERSION = 1;
				GENERATE_INFOPLIST_FILE = YES;
				MARKETING_VERSION = 1.0;
				PRODUCT_BUNDLE_IDENTIFIER = madSIK.MultiLanguageAppUITests;
				PRODUCT_NAME = "$(TARGET_NAME)";
				SWIFT_EMIT_LOC_STRINGS = NO;
				SWIFT_VERSION = 5.0;
				TARGETED_DEVICE_FAMILY = "1,2";
				TEST_TARGET_NAME = MultiLanguageApp;
			};
			name = Release;
		};
/* End XCBuildConfiguration section */

/* Begin XCConfigurationList section */
		8033A6752A55A8C700B4AFF2 /* Build configuration list for PBXProject "MultiLanguageApp" */ = {
			isa = XCConfigurationList;
			buildConfigurations = (
				8033A6A22A55A8C800B4AFF2 /* Debug */,
				8033A6A32A55A8C800B4AFF2 /* Release */,
			);
			defaultConfigurationIsVisible = 0;
			defaultConfigurationName = Release;
		};
		8033A6A42A55A8C800B4AFF2 /* Build configuration list for PBXNativeTarget "MultiLanguageApp" */ = {
			isa = XCConfigurationList;
			buildConfigurations = (
				8033A6A52A55A8C800B4AFF2 /* Debug */,
				8033A6A62A55A8C800B4AFF2 /* Release */,
			);
			defaultConfigurationIsVisible = 0;
			defaultConfigurationName = Release;
		};
		8033A6A72A55A8C800B4AFF2 /* Build configuration list for PBXNativeTarget "MultiLanguageAppTests" */ = {
			isa = XCConfigurationList;
			buildConfigurations = (
				8033A6A82A55A8C800B4AFF2 /* Debug */,
				8033A6A92A55A8C800B4AFF2 /* Release */,
			);
			defaultConfigurationIsVisible = 0;
			defaultConfigurationName = Release;
		};
		8033A6AA2A55A8C800B4AFF2 /* Build configuration list for PBXNativeTarget "MultiLanguageAppUITests" */ = {
			isa = XCConfigurationList;
			buildConfigurations = (
				8033A6AB2A55A8C800B4AFF2 /* Debug */,
				8033A6AC2A55A8C800B4AFF2 /* Release */,
			);
			defaultConfigurationIsVisible = 0;
			defaultConfigurationName = Release;
		};
/* End XCConfigurationList section */
	};
	rootObject = 8033A6722A55A8C700B4AFF2 /* Project object */;
}
