// !$*UTF8*$!
{
	archiveVersion = 1;
	classes = {
	};
	objectVersion = 56;
	objects = {

/* Begin PBXBuildFile section */
		807247C22A592EB3009280F5 /* AppDelegate.swift in Sources */ = {isa = PBXBuildFile; fileRef = 807247C12A592EB3009280F5 /* AppDelegate.swift */; };
		807247C42A592EB3009280F5 /* SceneDelegate.swift in Sources */ = {isa = PBXBuildFile; fileRef = 807247C32A592EB3009280F5 /* SceneDelegate.swift */; };
		807247C62A592EB3009280F5 /* ViewController.swift in Sources */ = {isa = PBXBuildFile; fileRef = 807247C52A592EB3009280F5 /* ViewController.swift */; };
		807247C92A592EB3009280F5 /* Main.storyboard in Resources */ = {isa = PBXBuildFile; fileRef = 807247C72A592EB3009280F5 /* Main.storyboard */; };
		807247CB2A592EB4009280F5 /* Assets.xcassets in Resources */ = {isa = PBXBuildFile; fileRef = 807247CA2A592EB4009280F5 /* Assets.xcassets */; };
		807247CE2A592EB4009280F5 /* LaunchScreen.storyboard in Resources */ = {isa = PBXBuildFile; fileRef = 807247CC2A592EB4009280F5 /* LaunchScreen.storyboard */; };
		807247D92A592EB4009280F5 /* ViewContWorkTests.swift in Sources */ = {isa = PBXBuildFile; fileRef = 807247D82A592EB4009280F5 /* ViewContWorkTests.swift */; };
		807247E32A592EB4009280F5 /* ViewContWorkUITests.swift in Sources */ = {isa = PBXBuildFile; fileRef = 807247E22A592EB4009280F5 /* ViewContWorkUITests.swift */; };
		807247E52A592EB4009280F5 /* ViewContWorkUITestsLaunchTests.swift in Sources */ = {isa = PBXBuildFile; fileRef = 807247E42A592EB4009280F5 /* ViewContWorkUITestsLaunchTests.swift */; };
/* End PBXBuildFile section */

/* Begin PBXContainerItemProxy section */
		807247D52A592EB4009280F5 /* PBXContainerItemProxy */ = {
			isa = PBXContainerItemProxy;
			containerPortal = 807247B62A592EB3009280F5 /* Project object */;
			proxyType = 1;
			remoteGlobalIDString = 807247BD2A592EB3009280F5;
			remoteInfo = ViewContWork;
		};
		807247DF2A592EB4009280F5 /* PBXContainerItemProxy */ = {
			isa = PBXContainerItemProxy;
			containerPortal = 807247B62A592EB3009280F5 /* Project object */;
			proxyType = 1;
			remoteGlobalIDString = 807247BD2A592EB3009280F5;
			remoteInfo = ViewContWork;
		};
/* End PBXContainerItemProxy section */

/* Begin PBXFileReference section */
		807247BE2A592EB3009280F5 /* ViewContWork.app */ = {isa = PBXFileReference; explicitFileType = wrapper.application; includeInIndex = 0; path = ViewContWork.app; sourceTree = BUILT_PRODUCTS_DIR; };
		807247C12A592EB3009280F5 /* AppDelegate.swift */ = {isa = PBXFileReference; lastKnownFileType = sourcecode.swift; path = AppDelegate.swift; sourceTree = "<group>"; };
		807247C32A592EB3009280F5 /* SceneDelegate.swift */ = {isa = PBXFileReference; lastKnownFileType = sourcecode.swift; path = SceneDelegate.swift; sourceTree = "<group>"; };
		807247C52A592EB3009280F5 /* ViewController.swift */ = {isa = PBXFileReference; lastKnownFileType = sourcecode.swift; path = ViewController.swift; sourceTree = "<group>"; };
		807247C82A592EB3009280F5 /* Base */ = {isa = PBXFileReference; lastKnownFileType = file.storyboard; name = Base; path = Base.lproj/Main.storyboard; sourceTree = "<group>"; };
		807247CA2A592EB4009280F5 /* Assets.xcassets */ = {isa = PBXFileReference; lastKnownFileType = folder.assetcatalog; path = Assets.xcassets; sourceTree = "<group>"; };
		807247CD2A592EB4009280F5 /* Base */ = {isa = PBXFileReference; lastKnownFileType = file.storyboard; name = Base; path = Base.lproj/LaunchScreen.storyboard; sourceTree = "<group>"; };
		807247CF2A592EB4009280F5 /* Info.plist */ = {isa = PBXFileReference; lastKnownFileType = text.plist.xml; path = Info.plist; sourceTree = "<group>"; };
		807247D42A592EB4009280F5 /* ViewContWorkTests.xctest */ = {isa = PBXFileReference; explicitFileType = wrapper.cfbundle; includeInIndex = 0; path = ViewContWorkTests.xctest; sourceTree = BUILT_PRODUCTS_DIR; };
		807247D82A592EB4009280F5 /* ViewContWorkTests.swift */ = {isa = PBXFileReference; lastKnownFileType = sourcecode.swift; path = ViewContWorkTests.swift; sourceTree = "<group>"; };
		807247DE2A592EB4009280F5 /* ViewContWorkUITests.xctest */ = {isa = PBXFileReference; explicitFileType = wrapper.cfbundle; includeInIndex = 0; path = ViewContWorkUITests.xctest; sourceTree = BUILT_PRODUCTS_DIR; };
		807247E22A592EB4009280F5 /* ViewContWorkUITests.swift */ = {isa = PBXFileReference; lastKnownFileType = sourcecode.swift; path = ViewContWorkUITests.swift; sourceTree = "<group>"; };
		807247E42A592EB4009280F5 /* ViewContWorkUITestsLaunchTests.swift */ = {isa = PBXFileReference; lastKnownFileType = sourcecode.swift; path = ViewContWorkUITestsLaunchTests.swift; sourceTree = "<group>"; };
/* End PBXFileReference section */

/* Begin PBXFrameworksBuildPhase section */
		807247BB2A592EB3009280F5 /* Frameworks */ = {
			isa = PBXFrameworksBuildPhase;
			buildActionMask = 2147483647;
			files = (
			);
			runOnlyForDeploymentPostprocessing = 0;
		};
		807247D12A592EB4009280F5 /* Frameworks */ = {
			isa = PBXFrameworksBuildPhase;
			buildActionMask = 2147483647;
			files = (
			);
			runOnlyForDeploymentPostprocessing = 0;
		};
		807247DB2A592EB4009280F5 /* Frameworks */ = {
			isa = PBXFrameworksBuildPhase;
			buildActionMask = 2147483647;
			files = (
			);
			runOnlyForDeploymentPostprocessing = 0;
		};
/* End PBXFrameworksBuildPhase section */

/* Begin PBXGroup section */
		807247B52A592EB3009280F5 = {
			isa = PBXGroup;
			children = (
				807247C02A592EB3009280F5 /* ViewContWork */,
				807247D72A592EB4009280F5 /* ViewContWorkTests */,
				807247E12A592EB4009280F5 /* ViewContWorkUITests */,
				807247BF2A592EB3009280F5 /* Products */,
			);
			sourceTree = "<group>";
		};
		807247BF2A592EB3009280F5 /* Products */ = {
			isa = PBXGroup;
			children = (
				807247BE2A592EB3009280F5 /* ViewContWork.app */,
				807247D42A592EB4009280F5 /* ViewContWorkTests.xctest */,
				807247DE2A592EB4009280F5 /* ViewContWorkUITests.xctest */,
			);
			name = Products;
			sourceTree = "<group>";
		};
		807247C02A592EB3009280F5 /* ViewContWork */ = {
			isa = PBXGroup;
			children = (
				807247C12A592EB3009280F5 /* AppDelegate.swift */,
				807247C32A592EB3009280F5 /* SceneDelegate.swift */,
				807247C52A592EB3009280F5 /* ViewController.swift */,
				807247C72A592EB3009280F5 /* Main.storyboard */,
				807247CA2A592EB4009280F5 /* Assets.xcassets */,
				807247CC2A592EB4009280F5 /* LaunchScreen.storyboard */,
				807247CF2A592EB4009280F5 /* Info.plist */,
			);
			path = ViewContWork;
			sourceTree = "<group>";
		};
		807247D72A592EB4009280F5 /* ViewContWorkTests */ = {
			isa = PBXGroup;
			children = (
				807247D82A592EB4009280F5 /* ViewContWorkTests.swift */,
			);
			path = ViewContWorkTests;
			sourceTree = "<group>";
		};
		807247E12A592EB4009280F5 /* ViewContWorkUITests */ = {
			isa = PBXGroup;
			children = (
				807247E22A592EB4009280F5 /* ViewContWorkUITests.swift */,
				807247E42A592EB4009280F5 /* ViewContWorkUITestsLaunchTests.swift */,
			);
			path = ViewContWorkUITests;
			sourceTree = "<group>";
		};
/* End PBXGroup section */

/* Begin PBXNativeTarget section */
		807247BD2A592EB3009280F5 /* ViewContWork */ = {
			isa = PBXNativeTarget;
			buildConfigurationList = 807247E82A592EB4009280F5 /* Build configuration list for PBXNativeTarget "ViewContWork" */;
			buildPhases = (
				807247BA2A592EB3009280F5 /* Sources */,
				807247BB2A592EB3009280F5 /* Frameworks */,
				807247BC2A592EB3009280F5 /* Resources */,
			);
			buildRules = (
			);
			dependencies = (
			);
			name = ViewContWork;
			productName = ViewContWork;
			productReference = 807247BE2A592EB3009280F5 /* ViewContWork.app */;
			productType = "com.apple.product-type.application";
		};
		807247D32A592EB4009280F5 /* ViewContWorkTests */ = {
			isa = PBXNativeTarget;
			buildConfigurationList = 807247EB2A592EB4009280F5 /* Build configuration list for PBXNativeTarget "ViewContWorkTests" */;
			buildPhases = (
				807247D02A592EB4009280F5 /* Sources */,
				807247D12A592EB4009280F5 /* Frameworks */,
				807247D22A592EB4009280F5 /* Resources */,
			);
			buildRules = (
			);
			dependencies = (
				807247D62A592EB4009280F5 /* PBXTargetDependency */,
			);
			name = ViewContWorkTests;
			productName = ViewContWorkTests;
			productReference = 807247D42A592EB4009280F5 /* ViewContWorkTests.xctest */;
			productType = "com.apple.product-type.bundle.unit-test";
		};
		807247DD2A592EB4009280F5 /* ViewContWorkUITests */ = {
			isa = PBXNativeTarget;
			buildConfigurationList = 807247EE2A592EB4009280F5 /* Build configuration list for PBXNativeTarget "ViewContWorkUITests" */;
			buildPhases = (
				807247DA2A592EB4009280F5 /* Sources */,
				807247DB2A592EB4009280F5 /* Frameworks */,
				807247DC2A592EB4009280F5 /* Resources */,
			);
			buildRules = (
			);
			dependencies = (
				807247E02A592EB4009280F5 /* PBXTargetDependency */,
			);
			name = ViewContWorkUITests;
			productName = ViewContWorkUITests;
			productReference = 807247DE2A592EB4009280F5 /* ViewContWorkUITests.xctest */;
			productType = "com.apple.product-type.bundle.ui-testing";
		};
/* End PBXNativeTarget section */

/* Begin PBXProject section */
		807247B62A592EB3009280F5 /* Project object */ = {
			isa = PBXProject;
			attributes = {
				BuildIndependentTargetsInParallel = 1;
				LastSwiftUpdateCheck = 1430;
				LastUpgradeCheck = 1430;
				TargetAttributes = {
					807247BD2A592EB3009280F5 = {
						CreatedOnToolsVersion = 14.3.1;
					};
					807247D32A592EB4009280F5 = {
						CreatedOnToolsVersion = 14.3.1;
						TestTargetID = 807247BD2A592EB3009280F5;
					};
					807247DD2A592EB4009280F5 = {
						CreatedOnToolsVersion = 14.3.1;
						TestTargetID = 807247BD2A592EB3009280F5;
					};
				};
			};
			buildConfigurationList = 807247B92A592EB3009280F5 /* Build configuration list for PBXProject "ViewContWork" */;
			compatibilityVersion = "Xcode 14.0";
			developmentRegion = en;
			hasScannedForEncodings = 0;
			knownRegions = (
				en,
				Base,
			);
			mainGroup = 807247B52A592EB3009280F5;
			productRefGroup = 807247BF2A592EB3009280F5 /* Products */;
			projectDirPath = "";
			projectRoot = "";
			targets = (
				807247BD2A592EB3009280F5 /* ViewContWork */,
				807247D32A592EB4009280F5 /* ViewContWorkTests */,
				807247DD2A592EB4009280F5 /* ViewContWorkUITests */,
			);
		};
/* End PBXProject section */

/* Begin PBXResourcesBuildPhase section */
		807247BC2A592EB3009280F5 /* Resources */ = {
			isa = PBXResourcesBuildPhase;
			buildActionMask = 2147483647;
			files = (
				807247CE2A592EB4009280F5 /* LaunchScreen.storyboard in Resources */,
				807247CB2A592EB4009280F5 /* Assets.xcassets in Resources */,
				807247C92A592EB3009280F5 /* Main.storyboard in Resources */,
			);
			runOnlyForDeploymentPostprocessing = 0;
		};
		807247D22A592EB4009280F5 /* Resources */ = {
			isa = PBXResourcesBuildPhase;
			buildActionMask = 2147483647;
			files = (
			);
			runOnlyForDeploymentPostprocessing = 0;
		};
		807247DC2A592EB4009280F5 /* Resources */ = {
			isa = PBXResourcesBuildPhase;
			buildActionMask = 2147483647;
			files = (
			);
			runOnlyForDeploymentPostprocessing = 0;
		};
/* End PBXResourcesBuildPhase section */

/* Begin PBXSourcesBuildPhase section */
		807247BA2A592EB3009280F5 /* Sources */ = {
			isa = PBXSourcesBuildPhase;
			buildActionMask = 2147483647;
			files = (
				807247C62A592EB3009280F5 /* ViewController.swift in Sources */,
				807247C22A592EB3009280F5 /* AppDelegate.swift in Sources */,
				807247C42A592EB3009280F5 /* SceneDelegate.swift in Sources */,
			);
			runOnlyForDeploymentPostprocessing = 0;
		};
		807247D02A592EB4009280F5 /* Sources */ = {
			isa = PBXSourcesBuildPhase;
			buildActionMask = 2147483647;
			files = (
				807247D92A592EB4009280F5 /* ViewContWorkTests.swift in Sources */,
			);
			runOnlyForDeploymentPostprocessing = 0;
		};
		807247DA2A592EB4009280F5 /* Sources */ = {
			isa = PBXSourcesBuildPhase;
			buildActionMask = 2147483647;
			files = (
				807247E52A592EB4009280F5 /* ViewContWorkUITestsLaunchTests.swift in Sources */,
				807247E32A592EB4009280F5 /* ViewContWorkUITests.swift in Sources */,
			);
			runOnlyForDeploymentPostprocessing = 0;
		};
/* End PBXSourcesBuildPhase section */

/* Begin PBXTargetDependency section */
		807247D62A592EB4009280F5 /* PBXTargetDependency */ = {
			isa = PBXTargetDependency;
			target = 807247BD2A592EB3009280F5 /* ViewContWork */;
			targetProxy = 807247D52A592EB4009280F5 /* PBXContainerItemProxy */;
		};
		807247E02A592EB4009280F5 /* PBXTargetDependency */ = {
			isa = PBXTargetDependency;
			target = 807247BD2A592EB3009280F5 /* ViewContWork */;
			targetProxy = 807247DF2A592EB4009280F5 /* PBXContainerItemProxy */;
		};
/* End PBXTargetDependency section */

/* Begin PBXVariantGroup section */
		807247C72A592EB3009280F5 /* Main.storyboard */ = {
			isa = PBXVariantGroup;
			children = (
				807247C82A592EB3009280F5 /* Base */,
			);
			name = Main.storyboard;
			sourceTree = "<group>";
		};
		807247CC2A592EB4009280F5 /* LaunchScreen.storyboard */ = {
			isa = PBXVariantGroup;
			children = (
				807247CD2A592EB4009280F5 /* Base */,
			);
			name = LaunchScreen.storyboard;
			sourceTree = "<group>";
		};
/* End PBXVariantGroup section */

/* Begin XCBuildConfiguration section */
		807247E62A592EB4009280F5 /* Debug */ = {
			isa = XCBuildConfiguration;
			buildSettings = {
				ALWAYS_SEARCH_USER_PATHS = NO;
				CLANG_ANALYZER_NONNULL = YES;
				CLANG_ANALYZER_NUMBER_OBJECT_CONVERSION = YES_AGGRESSIVE;
				CLANG_CXX_LANGUAGE_STANDARD = "gnu++20";
				CLANG_ENABLE_MODULES = YES;
				CLANG_ENABLE_OBJC_ARC = YES;
				CLANG_ENABLE_OBJC_WEAK = YES;
				CLANG_WARN_BLOCK_CAPTURE_AUTORELEASING = YES;
				CLANG_WARN_BOOL_CONVERSION = YES;
				CLANG_WARN_COMMA = YES;
				CLANG_WARN_CONSTANT_CONVERSION = YES;
				CLANG_WARN_DEPRECATED_OBJC_IMPLEMENTATIONS = YES;
				CLANG_WARN_DIRECT_OBJC_ISA_USAGE = YES_ERROR;
				CLANG_WARN_DOCUMENTATION_COMMENTS = YES;
				CLANG_WARN_EMPTY_BODY = YES;
				CLANG_WARN_ENUM_CONVERSION = YES;
				CLANG_WARN_INFINITE_RECURSION = YES;
				CLANG_WARN_INT_CONVERSION = YES;
				CLANG_WARN_NON_LITERAL_NULL_CONVERSION = YES;
				CLANG_WARN_OBJC_IMPLICIT_RETAIN_SELF = YES;
				CLANG_WARN_OBJC_LITERAL_CONVERSION = YES;
				CLANG_WARN_OBJC_ROOT_CLASS = YES_ERROR;
				CLANG_WARN_QUOTED_INCLUDE_IN_FRAMEWORK_HEADER = YES;
				CLANG_WARN_RANGE_LOOP_ANALYSIS = YES;
				CLANG_WARN_STRICT_PROTOTYPES = YES;
				CLANG_WARN_SUSPICIOUS_MOVE = YES;
				CLANG_WARN_UNGUARDED_AVAILABILITY = YES_AGGRESSIVE;
				CLANG_WARN_UNREACHABLE_CODE = YES;
				CLANG_WARN__DUPLICATE_METHOD_MATCH = YES;
				COPY_PHASE_STRIP = NO;
				DEBUG_INFORMATION_FORMAT = dwarf;
				ENABLE_STRICT_OBJC_MSGSEND = YES;
				ENABLE_TESTABILITY = YES;
				GCC_C_LANGUAGE_STANDARD = gnu11;
				GCC_DYNAMIC_NO_PIC = NO;
				GCC_NO_COMMON_BLOCKS = YES;
				GCC_OPTIMIZATION_LEVEL = 0;
				GCC_PREPROCESSOR_DEFINITIONS = (
					"DEBUG=1",
					"$(inherited)",
				);
				GCC_WARN_64_TO_32_BIT_CONVERSION = YES;
				GCC_WARN_ABOUT_RETURN_TYPE = YES_ERROR;
				GCC_WARN_UNDECLARED_SELECTOR = YES;
				GCC_WARN_UNINITIALIZED_AUTOS = YES_AGGRESSIVE;
				GCC_WARN_UNUSED_FUNCTION = YES;
				GCC_WARN_UNUSED_VARIABLE = YES;
				IPHONEOS_DEPLOYMENT_TARGET = 16.4;
				MTL_ENABLE_DEBUG_INFO = INCLUDE_SOURCE;
				MTL_FAST_MATH = YES;
				ONLY_ACTIVE_ARCH = YES;
				SDKROOT = iphoneos;
				SWIFT_ACTIVE_COMPILATION_CONDITIONS = DEBUG;
				SWIFT_OPTIMIZATION_LEVEL = "-Onone";
			};
			name = Debug;
		};
		807247E72A592EB4009280F5 /* Release */ = {
			isa = XCBuildConfiguration;
			buildSettings = {
				ALWAYS_SEARCH_USER_PATHS = NO;
				CLANG_ANALYZER_NONNULL = YES;
				CLANG_ANALYZER_NUMBER_OBJECT_CONVERSION = YES_AGGRESSIVE;
				CLANG_CXX_LANGUAGE_STANDARD = "gnu++20";
				CLANG_ENABLE_MODULES = YES;
				CLANG_ENABLE_OBJC_ARC = YES;
				CLANG_ENABLE_OBJC_WEAK = YES;
				CLANG_WARN_BLOCK_CAPTURE_AUTORELEASING = YES;
				CLANG_WARN_BOOL_CONVERSION = YES;
				CLANG_WARN_COMMA = YES;
				CLANG_WARN_CONSTANT_CONVERSION = YES;
				CLANG_WARN_DEPRECATED_OBJC_IMPLEMENTATIONS = YES;
				CLANG_WARN_DIRECT_OBJC_ISA_USAGE = YES_ERROR;
				CLANG_WARN_DOCUMENTATION_COMMENTS = YES;
				CLANG_WARN_EMPTY_BODY = YES;
				CLANG_WARN_ENUM_CONVERSION = YES;
				CLANG_WARN_INFINITE_RECURSION = YES;
				CLANG_WARN_INT_CONVERSION = YES;
				CLANG_WARN_NON_LITERAL_NULL_CONVERSION = YES;
				CLANG_WARN_OBJC_IMPLICIT_RETAIN_SELF = YES;
				CLANG_WARN_OBJC_LITERAL_CONVERSION = YES;
				CLANG_WARN_OBJC_ROOT_CLASS = YES_ERROR;
				CLANG_WARN_QUOTED_INCLUDE_IN_FRAMEWORK_HEADER = YES;
				CLANG_WARN_RANGE_LOOP_ANALYSIS = YES;
				CLANG_WARN_STRICT_PROTOTYPES = YES;
				CLANG_WARN_SUSPICIOUS_MOVE = YES;
				CLANG_WARN_UNGUARDED_AVAILABILITY = YES_AGGRESSIVE;
				CLANG_WARN_UNREACHABLE_CODE = YES;
				CLANG_WARN__DUPLICATE_METHOD_MATCH = YES;
				COPY_PHASE_STRIP = NO;
				DEBUG_INFORMATION_FORMAT = "dwarf-with-dsym";
				ENABLE_NS_ASSERTIONS = NO;
				ENABLE_STRICT_OBJC_MSGSEND = YES;
				GCC_C_LANGUAGE_STANDARD = gnu11;
				GCC_NO_COMMON_BLOCKS = YES;
				GCC_WARN_64_TO_32_BIT_CONVERSION = YES;
				GCC_WARN_ABOUT_RETURN_TYPE = YES_ERROR;
				GCC_WARN_UNDECLARED_SELECTOR = YES;
				GCC_WARN_UNINITIALIZED_AUTOS = YES_AGGRESSIVE;
				GCC_WARN_UNUSED_FUNCTION = YES;
				GCC_WARN_UNUSED_VARIABLE = YES;
				IPHONEOS_DEPLOYMENT_TARGET = 16.4;
				MTL_ENABLE_DEBUG_INFO = NO;
				MTL_FAST_MATH = YES;
				SDKROOT = iphoneos;
				SWIFT_COMPILATION_MODE = wholemodule;
				SWIFT_OPTIMIZATION_LEVEL = "-O";
				VALIDATE_PRODUCT = YES;
			};
			name = Release;
		};
		807247E92A592EB4009280F5 /* Debug */ = {
			isa = XCBuildConfiguration;
			buildSettings = {
				ASSETCATALOG_COMPILER_APPICON_NAME = AppIcon;
				ASSETCATALOG_COMPILER_GLOBAL_ACCENT_COLOR_NAME = AccentColor;
				CODE_SIGN_STYLE = Automatic;
				CURRENT_PROJECT_VERSION = 1;
				GENERATE_INFOPLIST_FILE = YES;
				INFOPLIST_FILE = ViewContWork/Info.plist;
				INFOPLIST_KEY_UIApplicationSupportsIndirectInputEvents = YES;
				INFOPLIST_KEY_UILaunchStoryboardName = LaunchScreen;
				INFOPLIST_KEY_UIMainStoryboardFile = Main;
				INFOPLIST_KEY_UISupportedInterfaceOrientations_iPad = "UIInterfaceOrientationPortrait UIInterfaceOrientationPortraitUpsideDown UIInterfaceOrientationLandscapeLeft UIInterfaceOrientationLandscapeRight";
				INFOPLIST_KEY_UISupportedInterfaceOrientations_iPhone = "UIInterfaceOrientationPortrait UIInterfaceOrientationLandscapeLeft UIInterfaceOrientationLandscapeRight";
				LD_RUNPATH_SEARCH_PATHS = (
					"$(inherited)",
					"@executable_path/Frameworks",
				);
				MARKETING_VERSION = 1.0;
				PRODUCT_BUNDLE_IDENTIFIER = madSIK.ViewContWork;
				PRODUCT_NAME = "$(TARGET_NAME)";
				SWIFT_EMIT_LOC_STRINGS = YES;
				SWIFT_VERSION = 5.0;
				TARGETED_DEVICE_FAMILY = "1,2";
			};
			name = Debug;
		};
		807247EA2A592EB4009280F5 /* Release */ = {
			isa = XCBuildConfiguration;
			buildSettings = {
				ASSETCATALOG_COMPILER_APPICON_NAME = AppIcon;
				ASSETCATALOG_COMPILER_GLOBAL_ACCENT_COLOR_NAME = AccentColor;
				CODE_SIGN_STYLE = Automatic;
				CURRENT_PROJECT_VERSION = 1;
				GENERATE_INFOPLIST_FILE = YES;
				INFOPLIST_FILE = ViewContWork/Info.plist;
				INFOPLIST_KEY_UIApplicationSupportsIndirectInputEvents = YES;
				INFOPLIST_KEY_UILaunchStoryboardName = LaunchScreen;
				INFOPLIST_KEY_UIMainStoryboardFile = Main;
				INFOPLIST_KEY_UISupportedInterfaceOrientations_iPad = "UIInterfaceOrientationPortrait UIInterfaceOrientationPortraitUpsideDown UIInterfaceOrientationLandscapeLeft UIInterfaceOrientationLandscapeRight";
				INFOPLIST_KEY_UISupportedInterfaceOrientations_iPhone = "UIInterfaceOrientationPortrait UIInterfaceOrientationLandscapeLeft UIInterfaceOrientationLandscapeRight";
				LD_RUNPATH_SEARCH_PATHS = (
					"$(inherited)",
					"@executable_path/Frameworks",
				);
				MARKETING_VERSION = 1.0;
				PRODUCT_BUNDLE_IDENTIFIER = madSIK.ViewContWork;
				PRODUCT_NAME = "$(TARGET_NAME)";
				SWIFT_EMIT_LOC_STRINGS = YES;
				SWIFT_VERSION = 5.0;
				TARGETED_DEVICE_FAMILY = "1,2";
			};
			name = Release;
		};
		807247EC2A592EB4009280F5 /* Debug */ = {
			isa = XCBuildConfiguration;
			buildSettings = {
				ALWAYS_EMBED_SWIFT_STANDARD_LIBRARIES = YES;
				BUNDLE_LOADER = "$(TEST_HOST)";
				CODE_SIGN_STYLE = Automatic;
				CURRENT_PROJECT_VERSION = 1;
				GENERATE_INFOPLIST_FILE = YES;
				IPHONEOS_DEPLOYMENT_TARGET = 16.4;
				MARKETING_VERSION = 1.0;
				PRODUCT_BUNDLE_IDENTIFIER = madSIK.ViewContWorkTests;
				PRODUCT_NAME = "$(TARGET_NAME)";
				SWIFT_EMIT_LOC_STRINGS = NO;
				SWIFT_VERSION = 5.0;
				TARGETED_DEVICE_FAMILY = "1,2";
				TEST_HOST = "$(BUILT_PRODUCTS_DIR)/ViewContWork.app/$(BUNDLE_EXECUTABLE_FOLDER_PATH)/ViewContWork";
			};
			name = Debug;
		};
		807247ED2A592EB4009280F5 /* Release */ = {
			isa = XCBuildConfiguration;
			buildSettings = {
				ALWAYS_EMBED_SWIFT_STANDARD_LIBRARIES = YES;
				BUNDLE_LOADER = "$(TEST_HOST)";
				CODE_SIGN_STYLE = Automatic;
				CURRENT_PROJECT_VERSION = 1;
				GENERATE_INFOPLIST_FILE = YES;
				IPHONEOS_DEPLOYMENT_TARGET = 16.4;
				MARKETING_VERSION = 1.0;
				PRODUCT_BUNDLE_IDENTIFIER = madSIK.ViewContWorkTests;
				PRODUCT_NAME = "$(TARGET_NAME)";
				SWIFT_EMIT_LOC_STRINGS = NO;
				SWIFT_VERSION = 5.0;
				TARGETED_DEVICE_FAMILY = "1,2";
				TEST_HOST = "$(BUILT_PRODUCTS_DIR)/ViewContWork.app/$(BUNDLE_EXECUTABLE_FOLDER_PATH)/ViewContWork";
			};
			name = Release;
		};
		807247EF2A592EB4009280F5 /* Debug */ = {
			isa = XCBuildConfiguration;
			buildSettings = {
				ALWAYS_EMBED_SWIFT_STANDARD_LIBRARIES = YES;
				CODE_SIGN_STYLE = Automatic;
				CURRENT_PROJECT_VERSION = 1;
				GENERATE_INFOPLIST_FILE = YES;
				MARKETING_VERSION = 1.0;
				PRODUCT_BUNDLE_IDENTIFIER = madSIK.ViewContWorkUITests;
				PRODUCT_NAME = "$(TARGET_NAME)";
				SWIFT_EMIT_LOC_STRINGS = NO;
				SWIFT_VERSION = 5.0;
				TARGETED_DEVICE_FAMILY = "1,2";
				TEST_TARGET_NAME = ViewContWork;
			};
			name = Debug;
		};
		807247F02A592EB4009280F5 /* Release */ = {
			isa = XCBuildConfiguration;
			buildSettings = {
				ALWAYS_EMBED_SWIFT_STANDARD_LIBRARIES = YES;
				CODE_SIGN_STYLE = Automatic;
				CURRENT_PROJECT_VERSION = 1;
				GENERATE_INFOPLIST_FILE = YES;
				MARKETING_VERSION = 1.0;
				PRODUCT_BUNDLE_IDENTIFIER = madSIK.ViewContWorkUITests;
				PRODUCT_NAME = "$(TARGET_NAME)";
				SWIFT_EMIT_LOC_STRINGS = NO;
				SWIFT_VERSION = 5.0;
				TARGETED_DEVICE_FAMILY = "1,2";
				TEST_TARGET_NAME = ViewContWork;
			};
			name = Release;
		};
/* End XCBuildConfiguration section */

/* Begin XCConfigurationList section */
		807247B92A592EB3009280F5 /* Build configuration list for PBXProject "ViewContWork" */ = {
			isa = XCConfigurationList;
			buildConfigurations = (
				807247E62A592EB4009280F5 /* Debug */,
				807247E72A592EB4009280F5 /* Release */,
			);
			defaultConfigurationIsVisible = 0;
			defaultConfigurationName = Release;
		};
		807247E82A592EB4009280F5 /* Build configuration list for PBXNativeTarget "ViewContWork" */ = {
			isa = XCConfigurationList;
			buildConfigurations = (
				807247E92A592EB4009280F5 /* Debug */,
				807247EA2A592EB4009280F5 /* Release */,
			);
			defaultConfigurationIsVisible = 0;
			defaultConfigurationName = Release;
		};
		807247EB2A592EB4009280F5 /* Build configuration list for PBXNativeTarget "ViewContWorkTests" */ = {
			isa = XCConfigurationList;
			buildConfigurations = (
				807247EC2A592EB4009280F5 /* Debug */,
				807247ED2A592EB4009280F5 /* Release */,
			);
			defaultConfigurationIsVisible = 0;
			defaultConfigurationName = Release;
		};
		807247EE2A592EB4009280F5 /* Build configuration list for PBXNativeTarget "ViewContWorkUITests" */ = {
			isa = XCConfigurationList;
			buildConfigurations = (
				807247EF2A592EB4009280F5 /* Debug */,
				807247F02A592EB4009280F5 /* Release */,
			);
			defaultConfigurationIsVisible = 0;
			defaultConfigurationName = Release;
		};
/* End XCConfigurationList section */
	};
	rootObject = 807247B62A592EB3009280F5 /* Project object */;
}
